<?xml version="1.0" encoding="utf-8"?>
<Project ToolsVersion="15.0" xmlns="http://schemas.microsoft.com/developer/msbuild/2003">
  <ItemGroup>
    <ClCompile Include="C:\Users\MiguelBarro\Documents\Fast-RTPS\examples\C++\HistoryKind\sample.cxx">
      <Filter>Source Files</Filter>
    </ClCompile>
    <ClCompile Include="C:\Users\MiguelBarro\Documents\Fast-RTPS\examples\C++\HistoryKind\samplePubSubTypes.cxx">
      <Filter>Source Files</Filter>
    </ClCompile>
    <ClCompile Include="C:\Users\MiguelBarro\Documents\Fast-RTPS\examples\C++\HistoryKind\pastsamples.cpp">
      <Filter>Source Files</Filter>
    </ClCompile>
  </ItemGroup>
  <ItemGroup>
    <CustomBuild Include="C:\Users\MiguelBarro\Documents\Fast-RTPS\examples\C++\HistoryKind\CMakeLists.txt" />
  </ItemGroup>
  <ItemGroup>
    <Filter Include="Source Files">
      <UniqueIdentifier>{39E8501E-FDE9-3C5F-971F-0219F5544FD0}</UniqueIdentifier>
    </Filter>
  </ItemGroup>
</Project>
