<?xml version="1.0" encoding="utf-8"?>
<Project ToolsVersion="4.0" xmlns="http://schemas.microsoft.com/developer/msbuild/2003">
  <ItemGroup>
    <Filter Include="Source Files">
      <UniqueIdentifier>{4FC737F1-C7A5-4376-A066-2A32D752A2FF}</UniqueIdentifier>
      <Extensions>cpp;c;cc;cxx;def;odl;idl;hpj;bat;asm;asmx</Extensions>
    </Filter>
    <Filter Include="Header Files">
      <UniqueIdentifier>{93995380-89BD-4b04-88EB-625FBE52EBFB}</UniqueIdentifier>
      <Extensions>h;hpp;hxx;hm;inl;inc;xsd</Extensions>
    </Filter>
    <Filter Include="Resource Files">
      <UniqueIdentifier>{67DA6AB6-F800-4c08-8B7A-83BB121AAD01}</UniqueIdentifier>
      <Extensions>rc;ico;cur;bmp;dlg;rc2;rct;bin;rgs;gif;jpg;jpeg;jpe;resx;tiff;tif;png;wav;mfcribbon-ms</Extensions>
    </Filter>
    <Filter Include="Header Files\eprosimartps">
      <UniqueIdentifier>{789a2c91-9f6e-40f0-9d67-f8c2e15803c8}</UniqueIdentifier>
    </Filter>
    <Filter Include="Source Files\qos">
      <UniqueIdentifier>{962fedd8-39e5-47b9-8c36-c15b508ec474}</UniqueIdentifier>
    </Filter>
    <Filter Include="Source Files\reader">
      <UniqueIdentifier>{f681e21d-464e-4a05-86b7-2d976b9e57c7}</UniqueIdentifier>
    </Filter>
    <Filter Include="Source Files\resources">
      <UniqueIdentifier>{79870366-91a3-4ec9-9034-190fdaa9822d}</UniqueIdentifier>
    </Filter>
    <Filter Include="Source Files\submessages">
      <UniqueIdentifier>{337afe7a-850a-4d9b-8381-7457d03bfffb}</UniqueIdentifier>
    </Filter>
    <Filter Include="Source Files\utils">
      <UniqueIdentifier>{23d9b5ee-47cd-4e78-89b2-f18c91534002}</UniqueIdentifier>
    </Filter>
    <Filter Include="Source Files\writer">
      <UniqueIdentifier>{5ae918d0-8a5d-439d-b627-18ac1fae51ec}</UniqueIdentifier>
    </Filter>
    <Filter Include="Header Files\eprosimartps\common">
      <UniqueIdentifier>{23f96963-03fc-42ad-b96f-721e8d739ae4}</UniqueIdentifier>
    </Filter>
    <Filter Include="Header Files\eprosimartps\qos">
      <UniqueIdentifier>{6985c5ae-5e52-4dc4-bca7-911bda99cc4b}</UniqueIdentifier>
    </Filter>
    <Filter Include="Header Files\eprosimartps\reader">
      <UniqueIdentifier>{a903d1e7-5613-4567-ace8-5ec75171dd31}</UniqueIdentifier>
    </Filter>
    <Filter Include="Header Files\eprosimartps\resources">
      <UniqueIdentifier>{ebf9dad4-2ca0-4eac-a687-eef1280b817d}</UniqueIdentifier>
    </Filter>
    <Filter Include="Header Files\eprosimartps\utils">
      <UniqueIdentifier>{c8a8b59a-be6d-4a5d-8628-e6bc3f3d294c}</UniqueIdentifier>
    </Filter>
    <Filter Include="Header Files\eprosimartps\writer">
      <UniqueIdentifier>{a2df7efb-bde0-4b77-b1e6-88bfb6389cc3}</UniqueIdentifier>
    </Filter>
    <Filter Include="Header Files\eprosimartps\common\types">
      <UniqueIdentifier>{0c24004b-2705-4789-9c4f-afbaacd55627}</UniqueIdentifier>
    </Filter>
    <Filter Include="Header Files\eprosimartps\reader\timedevent">
      <UniqueIdentifier>{f9487150-1a0b-4d44-9e8c-245c092ffd30}</UniqueIdentifier>
    </Filter>
    <Filter Include="Source Files\reader\timedevent">
      <UniqueIdentifier>{e83ec349-8b64-4c62-b5d9-dd7b752d03e3}</UniqueIdentifier>
    </Filter>
    <Filter Include="Source Files\writer\timedevent">
      <UniqueIdentifier>{979fdd8c-45ca-4765-9d53-854d8d92b33f}</UniqueIdentifier>
    </Filter>
    <Filter Include="Header Files\eprosimartps\writer\timedevent">
      <UniqueIdentifier>{7d389060-9274-40f2-9fde-008ddad09484}</UniqueIdentifier>
    </Filter>
    <Filter Include="Header Files\eprosimartps\history">
      <UniqueIdentifier>{0ac9dbc0-69f4-41b7-8d5c-8a592a1b4584}</UniqueIdentifier>
    </Filter>
    <Filter Include="Source Files\history">
      <UniqueIdentifier>{bd823d71-838c-4fa9-89bd-c001a4e332c3}</UniqueIdentifier>
    </Filter>
    <Filter Include="Header Files\eprosimartps\builtin">
      <UniqueIdentifier>{f7230019-b5d5-4b82-a26e-a55645e29f66}</UniqueIdentifier>
    </Filter>
    <Filter Include="Header Files\eprosimartps\builtin\liveliness">
      <UniqueIdentifier>{1a36c720-5acf-4183-94ba-668caf5b3535}</UniqueIdentifier>
    </Filter>
    <Filter Include="Header Files\eprosimartps\builtin\discovery">
      <UniqueIdentifier>{bf182005-aca2-407b-b17e-9fc1f2347ae4}</UniqueIdentifier>
    </Filter>
    <Filter Include="Header Files\eprosimartps\builtin\discovery\participant">
      <UniqueIdentifier>{27e37cbd-d49c-4bca-9422-0c76d7a0a35c}</UniqueIdentifier>
    </Filter>
    <Filter Include="Header Files\eprosimartps\builtin\discovery\endpoint">
      <UniqueIdentifier>{47c8b1c6-f5d7-44ca-a68c-3b8507227a55}</UniqueIdentifier>
    </Filter>
    <Filter Include="Header Files\eprosimartps\builtin\liveliness\timedevent">
      <UniqueIdentifier>{c15b6b9e-15f4-400e-88b9-839dd243983e}</UniqueIdentifier>
    </Filter>
    <Filter Include="Header Files\eprosimartps\builtin\discovery\participant\timedevent">
      <UniqueIdentifier>{ba3c58f9-9a83-45ef-9a17-f99457869884}</UniqueIdentifier>
    </Filter>
    <Filter Include="Source Files\builtin">
      <UniqueIdentifier>{e72b0360-846c-4b4d-a254-339ed0a08054}</UniqueIdentifier>
    </Filter>
    <Filter Include="Source Files\builtin\discovery">
      <UniqueIdentifier>{2445c3d8-5365-4412-b1d1-3217157de42f}</UniqueIdentifier>
    </Filter>
    <Filter Include="Source Files\builtin\discovery\endpoint">
      <UniqueIdentifier>{8aaf5496-dad4-4e9e-97a1-d31f16cf22f6}</UniqueIdentifier>
    </Filter>
    <Filter Include="Source Files\builtin\discovery\participant">
      <UniqueIdentifier>{4fa09a01-2e40-47f0-bba9-1f1eb1bbc4e1}</UniqueIdentifier>
    </Filter>
    <Filter Include="Source Files\builtin\discovery\participant\timedevent">
      <UniqueIdentifier>{93d2632b-0726-415a-b3e1-989b142bc9d8}</UniqueIdentifier>
    </Filter>
    <Filter Include="Source Files\builtin\liveliness">
      <UniqueIdentifier>{3ac69981-1ddf-4a93-8591-2090251b23de}</UniqueIdentifier>
    </Filter>
    <Filter Include="Source Files\builtin\liveliness\timedevent">
      <UniqueIdentifier>{590ced6a-6830-4015-8be9-c31eb895353e}</UniqueIdentifier>
    </Filter>

    <Filter Include="Source Files\pubsub">
      <UniqueIdentifier>{edceaed4-0018-4c0f-904c-48a7cb3d0fe3}</UniqueIdentifier>
    </Filter>
    <Filter Include="Header Files\eprosimartps\pubsub">
      <UniqueIdentifier>{51fc8fce-070d-48fa-a579-933e4c337924}</UniqueIdentifier>
    </Filter>
    <Filter Include="Header Files\eprosimartps\pubsub\attributes">
      <UniqueIdentifier>{4604a70b-119f-4b80-864f-c52965a43429}</UniqueIdentifier>
</Filter>
    <Filter Include="Header Files\thirdparty">
      <UniqueIdentifier>{63262122-46b8-482e-8977-e17336426da5}</UniqueIdentifier>
    </Filter>
    <Filter Include="Header Files\thirdparty\log">
      <UniqueIdentifier>{f4e7df22-d589-416e-ab93-0f05abd41ae8}</UniqueIdentifier>
    </Filter>
    <Filter Include="Source Files\thirdparty">
      <UniqueIdentifier>{b9a6244c-65fc-4f55-a143-3b9ee589b355}</UniqueIdentifier>
    </Filter>
    <Filter Include="Source Files\thirdparty\log">
      <UniqueIdentifier>{8cd245b0-84a7-4182-ba58-1e8d3b32598c}</UniqueIdentifier>

    </Filter>
  </ItemGroup>
  <ItemGroup>
    <ClInclude Include="..\..\..\..\src\cpp\submessages\AckNackMsg.hpp">
      <Filter>Source Files\submessages</Filter>
    </ClInclude>
    <ClInclude Include="..\..\..\..\src\cpp\submessages\DataMsg.hpp">
      <Filter>Source Files\submessages</Filter>
    </ClInclude>
    <ClInclude Include="..\..\..\..\src\cpp\submessages\GapMsg.hpp">
      <Filter>Source Files\submessages</Filter>
    </ClInclude>
    <ClInclude Include="..\..\..\..\src\cpp\submessages\HeartbeatMsg.hpp">
      <Filter>Source Files\submessages</Filter>
    </ClInclude>
    <ClInclude Include="..\..\..\..\include\eprosimartps\CDRMessage.h">
      <Filter>Header Files\eprosimartps</Filter>
    </ClInclude>
    <ClInclude Include="..\..\..\..\include\eprosimartps\CDRMessage.hpp">
      <Filter>Header Files\eprosimartps</Filter>
    </ClInclude>
    <ClInclude Include="..\..\..\..\include\eprosimartps\Endpoint.h">
      <Filter>Header Files\eprosimartps</Filter>
    </ClInclude>
    <ClInclude Include="..\..\..\..\include\eprosimartps\eProsima_auto_link.h">
      <Filter>Header Files\eprosimartps</Filter>
    </ClInclude>
    <ClInclude Include="..\..\..\..\include\eprosimartps\eprosimartps_dll.h">
      <Filter>Header Files\eprosimartps</Filter>
    </ClInclude>
    <ClInclude Include="..\..\..\..\include\eprosimartps\eprosimartps_version.h">
      <Filter>Header Files\eprosimartps</Filter>
    </ClInclude>
    <ClInclude Include="..\..\..\..\include\eprosimartps\MessageReceiver.h">
      <Filter>Header Files\eprosimartps</Filter>
    </ClInclude>
    <ClInclude Include="..\..\..\..\include\eprosimartps\Participant.h">
      <Filter>Header Files\eprosimartps</Filter>
    </ClInclude>
    <ClInclude Include="..\..\..\..\include\eprosimartps\rtps_all.h">
      <Filter>Header Files\eprosimartps</Filter>
    </ClInclude>
    <ClInclude Include="..\..\..\..\include\eprosimartps\RTPSMessageCreator.h">
      <Filter>Header Files\eprosimartps</Filter>
    </ClInclude>
    <ClInclude Include="..\..\..\..\include\eprosimartps\qos\ParameterList.h">
      <Filter>Header Files\eprosimartps\qos</Filter>
    </ClInclude>
    <ClInclude Include="..\..\..\..\include\eprosimartps\qos\ParameterTypes.h">
      <Filter>Header Files\eprosimartps\qos</Filter>
    </ClInclude>
    <ClInclude Include="..\..\..\..\include\eprosimartps\qos\QosList.h">
      <Filter>Header Files\eprosimartps\qos</Filter>
    </ClInclude>
    <ClInclude Include="..\..\..\..\include\eprosimartps\qos\ReaderQos.h">
      <Filter>Header Files\eprosimartps\qos</Filter>
    </ClInclude>
    <ClInclude Include="..\..\..\..\include\eprosimartps\qos\WriterQos.h">
      <Filter>Header Files\eprosimartps\qos</Filter>
    </ClInclude>
    <ClInclude Include="..\..\..\..\include\eprosimartps\reader\RTPSReader.h">
      <Filter>Header Files\eprosimartps\reader</Filter>
    </ClInclude>
    <ClInclude Include="..\..\..\..\include\eprosimartps\reader\StatefulReader.h">
      <Filter>Header Files\eprosimartps\reader</Filter>
    </ClInclude>
    <ClInclude Include="..\..\..\..\include\eprosimartps\reader\StatelessReader.h">
      <Filter>Header Files\eprosimartps\reader</Filter>
    </ClInclude>
    <ClInclude Include="..\..\..\..\include\eprosimartps\reader\WriterProxy.h">
      <Filter>Header Files\eprosimartps\reader</Filter>
    </ClInclude>
    <ClInclude Include="..\..\..\..\include\eprosimartps\resources\ListenResource.h">
      <Filter>Header Files\eprosimartps\resources</Filter>
    </ClInclude>
    <ClInclude Include="..\..\..\..\include\eprosimartps\resources\ResourceEvent.h">
      <Filter>Header Files\eprosimartps\resources</Filter>
    </ClInclude>
    <ClInclude Include="..\..\..\..\include\eprosimartps\resources\ResourceSend.h">
      <Filter>Header Files\eprosimartps\resources</Filter>
    </ClInclude>
    <ClInclude Include="..\..\..\..\include\eprosimartps\utils\CacheChangePool.h">
      <Filter>Header Files\eprosimartps\utils</Filter>
    </ClInclude>
    <ClInclude Include="..\..\..\..\include\eprosimartps\utils\eClock.h">
      <Filter>Header Files\eprosimartps\utils</Filter>
    </ClInclude>
    <ClInclude Include="..\..\..\..\include\eprosimartps\utils\IPFinder.h">
      <Filter>Header Files\eprosimartps\utils</Filter>
    </ClInclude>
    <ClInclude Include="..\..\..\..\include\eprosimartps\utils\ObjectPool.h">
      <Filter>Header Files\eprosimartps\utils</Filter>
    </ClInclude>
    <ClInclude Include="..\..\..\..\include\eprosimartps\utils\RTPSLog.h">
      <Filter>Header Files\eprosimartps\utils</Filter>
    </ClInclude>
    <ClInclude Include="..\..\..\..\include\eprosimartps\utils\Semaphore.h">
      <Filter>Header Files\eprosimartps\utils</Filter>
    </ClInclude>
    <ClInclude Include="..\..\..\..\include\eprosimartps\writer\ReaderLocator.h">
      <Filter>Header Files\eprosimartps\writer</Filter>
    </ClInclude>
    <ClInclude Include="..\..\..\..\include\eprosimartps\writer\ReaderProxy.h">
      <Filter>Header Files\eprosimartps\writer</Filter>
    </ClInclude>
    <ClInclude Include="..\..\..\..\include\eprosimartps\writer\RTPSMessageGroup.h">
      <Filter>Header Files\eprosimartps\writer</Filter>
    </ClInclude>
    <ClInclude Include="..\..\..\..\include\eprosimartps\writer\RTPSWriter.h">
      <Filter>Header Files\eprosimartps\writer</Filter>
    </ClInclude>
    <ClInclude Include="..\..\..\..\include\eprosimartps\writer\StatefulWriter.h">
      <Filter>Header Files\eprosimartps\writer</Filter>
    </ClInclude>
    <ClInclude Include="..\..\..\..\include\eprosimartps\writer\StatelessWriter.h">
      <Filter>Header Files\eprosimartps\writer</Filter>
    </ClInclude>
    <ClInclude Include="..\..\..\..\include\eprosimartps\common\CacheChange.h">
      <Filter>Header Files\eprosimartps\common</Filter>
    </ClInclude>
    <ClInclude Include="..\..\..\..\include\eprosimartps\common\doxygen_modules.h">
      <Filter>Header Files\eprosimartps\common</Filter>
    </ClInclude>
    <ClInclude Include="..\..\..\..\include\eprosimartps\common\RTPS_messages.h">
      <Filter>Header Files\eprosimartps\common</Filter>
    </ClInclude>
    <ClInclude Include="..\..\..\..\include\eprosimartps\common\types\all_common.h">
      <Filter>Header Files\eprosimartps\common\types</Filter>
    </ClInclude>
    <ClInclude Include="..\..\..\..\include\eprosimartps\common\types\CDRMessage_t.h">
      <Filter>Header Files\eprosimartps\common\types</Filter>
    </ClInclude>
    <ClInclude Include="..\..\..\..\include\eprosimartps\common\types\colors.h">
      <Filter>Header Files\eprosimartps\common\types</Filter>
    </ClInclude>
    <ClInclude Include="..\..\..\..\include\eprosimartps\common\types\common_types.h">
      <Filter>Header Files\eprosimartps\common\types</Filter>
    </ClInclude>
    <ClInclude Include="..\..\..\..\include\eprosimartps\common\types\Guid.h">
      <Filter>Header Files\eprosimartps\common\types</Filter>
    </ClInclude>
    <ClInclude Include="..\..\..\..\include\eprosimartps\common\types\InstanceHandle.h">
      <Filter>Header Files\eprosimartps\common\types</Filter>
    </ClInclude>
    <ClInclude Include="..\..\..\..\include\eprosimartps\common\types\Locator.h">
      <Filter>Header Files\eprosimartps\common\types</Filter>
    </ClInclude>
    <ClInclude Include="..\..\..\..\include\eprosimartps\common\types\SequenceNumber.h">
      <Filter>Header Files\eprosimartps\common\types</Filter>
    </ClInclude>
    <ClInclude Include="..\..\..\..\include\eprosimartps\common\types\SerializedPayload.h">
      <Filter>Header Files\eprosimartps\common\types</Filter>
    </ClInclude>
    <ClInclude Include="..\..\..\..\include\eprosimartps\common\types\Time_t.h">
      <Filter>Header Files\eprosimartps\common\types</Filter>
    </ClInclude>
    <ClInclude Include="..\..\..\..\include\eprosimartps\writer\timedevent\NackResponseDelay.h">
      <Filter>Header Files\eprosimartps\writer\timedevent</Filter>
    </ClInclude>
    <ClInclude Include="..\..\..\..\include\eprosimartps\writer\timedevent\NackSupressionDuration.h">
      <Filter>Header Files\eprosimartps\writer\timedevent</Filter>
    </ClInclude>
    <ClInclude Include="..\..\..\..\include\eprosimartps\writer\timedevent\PeriodicHeartbeat.h">
      <Filter>Header Files\eprosimartps\writer\timedevent</Filter>
    </ClInclude>
    <ClInclude Include="..\..\..\..\include\eprosimartps\utils\TimedEvent.h">
      <Filter>Header Files\eprosimartps\utils</Filter>
    </ClInclude>
    <ClInclude Include="..\..\..\..\include\eprosimartps\reader\timedevent\HeartbeatResponseDelay.h">
      <Filter>Header Files\eprosimartps\reader\timedevent</Filter>
    </ClInclude>
    <ClInclude Include="..\..\..\..\include\eprosimartps\reader\timedevent\WriterProxyLiveliness.h">
      <Filter>Header Files\eprosimartps\reader\timedevent</Filter>
    </ClInclude>
    <ClInclude Include="..\..\..\..\include\eprosimartps\history\History.h">
      <Filter>Header Files\eprosimartps\history</Filter>
    </ClInclude>
    <ClInclude Include="..\..\..\..\include\eprosimartps\history\ReaderHistory.h">
      <Filter>Header Files\eprosimartps\history</Filter>
    </ClInclude>
    <ClInclude Include="..\..\..\..\include\eprosimartps\history\WriterHistory.h">
      <Filter>Header Files\eprosimartps\history</Filter>
    </ClInclude>
    <ClInclude Include="..\..\..\..\include\eprosimartps\utils\StringMatching.h">
      <Filter>Header Files\eprosimartps\utils</Filter>
    </ClInclude>
    <ClInclude Include="..\..\..\..\include\eprosimartps\builtin\BuiltinProtocols.h">
      <Filter>Header Files\eprosimartps\builtin</Filter>
    </ClInclude>
    <ClInclude Include="..\..\..\..\include\eprosimartps\builtin\discovery\endpoint\EDP.h">
      <Filter>Header Files\eprosimartps\builtin\discovery\endpoint</Filter>
    </ClInclude>
    <ClInclude Include="..\..\..\..\include\eprosimartps\builtin\discovery\endpoint\EDPSimple.h">
      <Filter>Header Files\eprosimartps\builtin\discovery\endpoint</Filter>
    </ClInclude>
    <ClInclude Include="..\..\..\..\include\eprosimartps\builtin\discovery\endpoint\EDPSimpleListeners.h">
      <Filter>Header Files\eprosimartps\builtin\discovery\endpoint</Filter>
    </ClInclude>
    <ClInclude Include="..\..\..\..\include\eprosimartps\builtin\discovery\endpoint\EDPSimpleTopicDataType.h">
      <Filter>Header Files\eprosimartps\builtin\discovery\endpoint</Filter>
    </ClInclude>
    <ClInclude Include="..\..\..\..\include\eprosimartps\builtin\discovery\endpoint\EDPStatic.h">
      <Filter>Header Files\eprosimartps\builtin\discovery\endpoint</Filter>
    </ClInclude>
    <ClInclude Include="..\..\..\..\include\eprosimartps\builtin\discovery\participant\PDPSimple.h">
      <Filter>Header Files\eprosimartps\builtin\discovery\participant</Filter>
    </ClInclude>
    <ClInclude Include="..\..\..\..\include\eprosimartps\builtin\discovery\participant\PDPSimpleListener.h">
      <Filter>Header Files\eprosimartps\builtin\discovery\participant</Filter>
    </ClInclude>
    <ClInclude Include="..\..\..\..\include\eprosimartps\builtin\discovery\participant\PDPSimpleTopicDataType.h">
      <Filter>Header Files\eprosimartps\builtin\discovery\participant</Filter>
    </ClInclude>
    <ClInclude Include="..\..\..\..\include\eprosimartps\builtin\liveliness\WLP.h">
      <Filter>Header Files\eprosimartps\builtin\liveliness</Filter>
    </ClInclude>
    <ClInclude Include="..\..\..\..\include\eprosimartps\builtin\liveliness\WLPListener.h">
      <Filter>Header Files\eprosimartps\builtin\liveliness</Filter>
    </ClInclude>
    <ClInclude Include="..\..\..\..\include\eprosimartps\builtin\liveliness\timedevent\WLivelinessPeriodicAssertion.h">
      <Filter>Header Files\eprosimartps\builtin\liveliness\timedevent</Filter>
    </ClInclude>
    <ClInclude Include="..\..\..\..\include\eprosimartps\builtin\discovery\participant\timedevent\RemoteParticipantLeaseDuration.h">
      <Filter>Header Files\eprosimartps\builtin\discovery\participant\timedevent</Filter>
    </ClInclude>
    <ClInclude Include="..\..\..\..\include\eprosimartps\builtin\discovery\participant\timedevent\ResendParticipantProxyDataPeriod.h">
      <Filter>Header Files\eprosimartps\builtin\discovery\participant\timedevent</Filter>
    </ClInclude>
    <ClInclude Include="..\..\..\..\include\eprosimartps\ParticipantProxyData.h">
      <Filter>Header Files\eprosimartps</Filter>
    </ClInclude>
    <ClInclude Include="..\..\..\..\include\eprosimartps\writer\ReaderProxyData.h">
      <Filter>Header Files\eprosimartps\writer</Filter>
    </ClInclude>
    <ClInclude Include="..\..\..\..\include\eprosimartps\reader\WriterProxyData.h">
      <Filter>Header Files\eprosimartps\reader</Filter>
    </ClInclude>
    <ClInclude Include="..\..\..\..\include\eprosimartps\builtin\discovery\endpoint\EDPStaticXML.h">
      <Filter>Header Files\eprosimartps\builtin\discovery\endpoint</Filter>
    </ClInclude>
    <ClInclude Include="..\..\..\..\include\eprosimartps\utils\TimeConversion.h">
      <Filter>Header Files\eprosimartps\utils</Filter>
    </ClInclude>
    <ClInclude Include="..\..\..\..\include\eprosimartps\builtin\liveliness\WLPTopicDataType.h">
      <Filter>Header Files\eprosimartps\builtin\liveliness</Filter>
    </ClInclude>
    <ClInclude Include="..\..\..\..\include\eprosimartps\utils\CDRMessagePool.h">
      <Filter>Header Files\eprosimartps\utils</Filter>
    </ClInclude>
    <ClInclude Include="..\..\..\..\include\eprosimartps\writer\timedevent\UnsentChangesNotEmptyEvent.h">
      <Filter>Header Files\eprosimartps\writer\timedevent</Filter>
    </ClInclude>
    <ClInclude Include="..\..\..\..\include\eprosimartps\utils\md5.h">
      <Filter>Header Files\eprosimartps\utils</Filter>
    </ClInclude>

    <ClInclude Include="..\..\..\..\thirdparty\eprosima-common-code\eProsima_cpp\log\eProsima_Colors.h">
      <Filter>Header Files\thirdparty\log</Filter>
    </ClInclude>
    <ClInclude Include="..\..\..\..\thirdparty\eprosima-common-code\eProsima_cpp\log\Log.h">
      <Filter>Header Files\thirdparty\log</Filter>
	</ClInclude>
    <ClInclude Include="..\..\..\..\include\eprosimartps\dds\ParticipantDiscoveryInfo.h">
      <Filter>Header Files\eprosimartps\dds</Filter>
    </ClInclude>
    <ClInclude Include="..\..\..\..\include\eprosimartps\dds\ParticipantListener.h">
      <Filter>Header Files\eprosimartps\dds</Filter>
    </ClInclude>

    <ClInclude Include="..\..\..\..\include\eprosimartps\stl_string_export.hpp">
      <Filter>Header Files</Filter>
    </ClInclude>
    <ClInclude Include="..\..\..\..\include\eprosimartps\eprosima_stl_exports.hpp">
      <Filter>Header Files</Filter>
    </ClInclude>
    <ClInclude Include="..\..\..\..\include\eprosimartps\qos\QosPolicies.h">
      <Filter>Header Files\eprosimartps\qos</Filter>
    </ClInclude>
    <ClInclude Include="..\..\..\..\include\eprosimartps\pubsub\MatchingInfo.h">
      <Filter>Header Files\eprosimartps\pubsub</Filter>
    </ClInclude>
    <ClInclude Include="..\..\..\..\include\eprosimartps\pubsub\ParticipantDiscoveryInfo.h">
      <Filter>Header Files\eprosimartps\pubsub</Filter>
    </ClInclude>
    <ClInclude Include="..\..\..\..\include\eprosimartps\pubsub\ParticipantListener.h">
      <Filter>Header Files\eprosimartps\pubsub</Filter>
    </ClInclude>
    <ClInclude Include="..\..\..\..\include\eprosimartps\pubsub\Publisher.h">
      <Filter>Header Files\eprosimartps\pubsub</Filter>
    </ClInclude>
    <ClInclude Include="..\..\..\..\include\eprosimartps\pubsub\PublisherListener.h">
      <Filter>Header Files\eprosimartps\pubsub</Filter>
    </ClInclude>
    <ClInclude Include="..\..\..\..\include\eprosimartps\pubsub\RTPSDomain.h">
      <Filter>Header Files\eprosimartps\pubsub</Filter>
    </ClInclude>
    <ClInclude Include="..\..\..\..\include\eprosimartps\pubsub\SampleInfo.h">
      <Filter>Header Files\eprosimartps\pubsub</Filter>
    </ClInclude>
    <ClInclude Include="..\..\..\..\include\eprosimartps\pubsub\Subscriber.h">
      <Filter>Header Files\eprosimartps\pubsub</Filter>
    </ClInclude>
    <ClInclude Include="..\..\..\..\include\eprosimartps\pubsub\SubscriberListener.h">
      <Filter>Header Files\eprosimartps\pubsub</Filter>
    </ClInclude>
    <ClInclude Include="..\..\..\..\include\eprosimartps\pubsub\TopicDataType.h">
      <Filter>Header Files\eprosimartps\pubsub</Filter>
    </ClInclude>
    <ClInclude Include="..\..\..\..\include\eprosimartps\pubsub\attributes\all_attributes.h">
      <Filter>Header Files\eprosimartps\pubsub\attributes</Filter>
    </ClInclude>
    <ClInclude Include="..\..\..\..\include\eprosimartps\pubsub\attributes\ParticipantAttributes.h">
      <Filter>Header Files\eprosimartps\pubsub\attributes</Filter>
    </ClInclude>
    <ClInclude Include="..\..\..\..\include\eprosimartps\pubsub\attributes\PublisherAttributes.h">
      <Filter>Header Files\eprosimartps\pubsub\attributes</Filter>
    </ClInclude>
    <ClInclude Include="..\..\..\..\include\eprosimartps\pubsub\attributes\SubscriberAttributes.h">
      <Filter>Header Files\eprosimartps\pubsub\attributes</Filter>
    </ClInclude>
    <ClInclude Include="..\..\..\..\include\eprosimartps\pubsub\attributes\TopicAttributes.h">
      <Filter>Header Files\eprosimartps\pubsub\attributes</Filter>
    </ClInclude>
  </ItemGroup>
  <ItemGroup>
    <ClCompile Include="..\..\..\..\src\cpp\writer\StatelessWriter.cpp">
      <Filter>Source Files\writer</Filter>
    </ClCompile>
    <ClCompile Include="..\..\..\..\src\cpp\writer\StatefulWriter.cpp">
      <Filter>Source Files\writer</Filter>
    </ClCompile>
    <ClCompile Include="..\..\..\..\src\cpp\writer\RTPSWriter.cpp">
      <Filter>Source Files\writer</Filter>
    </ClCompile>
    <ClCompile Include="..\..\..\..\src\cpp\writer\RTPSMessageGroup.cpp">
      <Filter>Source Files\writer</Filter>
    </ClCompile>
    <ClCompile Include="..\..\..\..\src\cpp\writer\ReaderProxy.cpp">
      <Filter>Source Files\writer</Filter>
    </ClCompile>
    <ClCompile Include="..\..\..\..\src\cpp\writer\ReaderLocator.cpp">
      <Filter>Source Files\writer</Filter>
    </ClCompile>
    <ClCompile Include="..\..\..\..\src\cpp\utils\eClock.cpp">
      <Filter>Source Files\utils</Filter>
    </ClCompile>
    <ClCompile Include="..\..\..\..\src\cpp\utils\IPFinder.cpp">
      <Filter>Source Files\utils</Filter>
    </ClCompile>
    <ClCompile Include="..\..\..\..\src\cpp\utils\ObjectPool.cpp">
      <Filter>Source Files\utils</Filter>
    </ClCompile>
    <ClCompile Include="..\..\..\..\src\cpp\utils\RTPSLog.cpp">
      <Filter>Source Files\utils</Filter>
    </ClCompile>
    <ClCompile Include="..\..\..\..\src\cpp\resources\ResourceEvent.cpp">
      <Filter>Source Files\resources</Filter>
    </ClCompile>
    <ClCompile Include="..\..\..\..\src\cpp\resources\ResourceSend.cpp">
      <Filter>Source Files\resources</Filter>
    </ClCompile>
    <ClCompile Include="..\..\..\..\src\cpp\reader\RTPSReader.cpp">
      <Filter>Source Files\reader</Filter>
    </ClCompile>
    <ClCompile Include="..\..\..\..\src\cpp\reader\StatefulReader.cpp">
      <Filter>Source Files\reader</Filter>
    </ClCompile>
    <ClCompile Include="..\..\..\..\src\cpp\reader\StatelessReader.cpp">
      <Filter>Source Files\reader</Filter>
    </ClCompile>
    <ClCompile Include="..\..\..\..\src\cpp\reader\WriterProxy.cpp">
      <Filter>Source Files\reader</Filter>
    </ClCompile>
    <ClCompile Include="..\..\..\..\src\cpp\qos\ParameterList.cpp">
      <Filter>Source Files\qos</Filter>
    </ClCompile>
    <ClCompile Include="..\..\..\..\src\cpp\qos\ParameterTypes.cpp">
      <Filter>Source Files\qos</Filter>
    </ClCompile>
    <ClCompile Include="..\..\..\..\src\cpp\qos\QosList.cpp">
      <Filter>Source Files\qos</Filter>
    </ClCompile>
    <ClCompile Include="..\..\..\..\src\cpp\Endpoint.cpp">
      <Filter>Source Files</Filter>
    </ClCompile>
    <ClCompile Include="..\..\..\..\src\cpp\MessageReceiver.cpp">
      <Filter>Source Files</Filter>
    </ClCompile>
    <ClCompile Include="..\..\..\..\src\cpp\Participant.cpp">
      <Filter>Source Files</Filter>
    </ClCompile>
    <ClCompile Include="..\..\..\..\src\cpp\RTPSMessageCreator.cpp">
      <Filter>Source Files</Filter>
    </ClCompile>
    <ClCompile Include="..\..\..\..\src\cpp\utils\CacheChangePool.cpp">
      <Filter>Source Files\utils</Filter>
    </ClCompile>
    <ClCompile Include="..\..\..\..\src\cpp\resources\ListenResource.cpp">
      <Filter>Source Files\resources</Filter>
    </ClCompile>
    <ClCompile Include="..\..\..\..\src\cpp\qos\ReaderQos.cpp">
      <Filter>Source Files\qos</Filter>
    </ClCompile>
    <ClCompile Include="..\..\..\..\src\cpp\qos\WriterQos.cpp">
      <Filter>Source Files\qos</Filter>
    </ClCompile>
    <ClCompile Include="..\..\..\..\src\cpp\reader\timedevent\HeartbeatResponseDelay.cpp">
      <Filter>Source Files\reader\timedevent</Filter>
    </ClCompile>
    <ClCompile Include="..\..\..\..\src\cpp\reader\timedevent\WriterProxyLiveliness.cpp">
      <Filter>Source Files\reader\timedevent</Filter>
    </ClCompile>
    <ClCompile Include="..\..\..\..\src\cpp\writer\timedevent\NackResponseDelay.cpp">
      <Filter>Source Files\writer\timedevent</Filter>
    </ClCompile>
    <ClCompile Include="..\..\..\..\src\cpp\writer\timedevent\NackSupressionDuration.cpp">
      <Filter>Source Files\writer\timedevent</Filter>
    </ClCompile>
    <ClCompile Include="..\..\..\..\src\cpp\writer\timedevent\PeriodicHeartbeat.cpp">
      <Filter>Source Files\writer\timedevent</Filter>
    </ClCompile>
    <ClCompile Include="..\..\..\..\src\cpp\utils\TimedEvent.cpp">
      <Filter>Source Files\utils</Filter>
    </ClCompile>
    <ClCompile Include="..\..\..\..\src\cpp\history\History.cpp">
      <Filter>Source Files\history</Filter>
    </ClCompile>
    <ClCompile Include="..\..\..\..\src\cpp\history\ReaderHistory.cpp">
      <Filter>Source Files\history</Filter>
    </ClCompile>
    <ClCompile Include="..\..\..\..\src\cpp\history\WriterHistory.cpp">
      <Filter>Source Files\history</Filter>
    </ClCompile>
    <ClCompile Include="..\..\..\..\src\cpp\utils\StringMatching.cpp">
      <Filter>Source Files\utils</Filter>
    </ClCompile>
    <ClCompile Include="..\..\..\..\src\cpp\builtin\BuiltinProtocols.cpp">
      <Filter>Source Files\builtin</Filter>
    </ClCompile>
    <ClCompile Include="..\..\..\..\src\cpp\builtin\discovery\endpoint\EDP.cpp">
      <Filter>Source Files\builtin\discovery\endpoint</Filter>
    </ClCompile>
    <ClCompile Include="..\..\..\..\src\cpp\builtin\discovery\endpoint\EDPSimple.cpp">
      <Filter>Source Files\builtin\discovery\endpoint</Filter>
    </ClCompile>
    <ClCompile Include="..\..\..\..\src\cpp\builtin\discovery\endpoint\EDPSimpleListeners.cpp">
      <Filter>Source Files\builtin\discovery\endpoint</Filter>
    </ClCompile>
    <ClCompile Include="..\..\..\..\src\cpp\builtin\discovery\endpoint\EDPSimpleTopicDataType.cpp">
      <Filter>Source Files\builtin\discovery\endpoint</Filter>
    </ClCompile>
    <ClCompile Include="..\..\..\..\src\cpp\builtin\discovery\participant\PDPSimple.cpp">
      <Filter>Source Files\builtin\discovery\participant</Filter>
    </ClCompile>
    <ClCompile Include="..\..\..\..\src\cpp\builtin\discovery\participant\PDPSimpleListener.cpp">
      <Filter>Source Files\builtin\discovery\participant</Filter>
    </ClCompile>
    <ClCompile Include="..\..\..\..\src\cpp\builtin\discovery\participant\PDPSimpleTopicDataType.cpp">
      <Filter>Source Files\builtin\discovery\participant</Filter>
    </ClCompile>
    <ClCompile Include="..\..\..\..\src\cpp\builtin\discovery\participant\timedevent\RemoteParticipantLeaseDuration.cpp">
      <Filter>Source Files\builtin\discovery\participant\timedevent</Filter>
    </ClCompile>
    <ClCompile Include="..\..\..\..\src\cpp\builtin\discovery\participant\timedevent\ResendParticipantProxyDataPeriod.cpp">
      <Filter>Source Files\builtin\discovery\participant\timedevent</Filter>
    </ClCompile>
    <ClCompile Include="..\..\..\..\src\cpp\builtin\liveliness\WLP.cpp">
      <Filter>Source Files\builtin\liveliness</Filter>
    </ClCompile>
    <ClCompile Include="..\..\..\..\src\cpp\builtin\liveliness\WLPListener.cpp">
      <Filter>Source Files\builtin\liveliness</Filter>
    </ClCompile>
    <ClCompile Include="..\..\..\..\src\cpp\builtin\liveliness\timedevent\WLivelinessPeriodicAssertion.cpp">
      <Filter>Source Files\builtin\liveliness\timedevent</Filter>
    </ClCompile>
    <ClCompile Include="..\..\..\..\src\cpp\writer\ReaderProxyData.cpp">
      <Filter>Source Files\writer</Filter>
    </ClCompile>
    <ClCompile Include="..\..\..\..\src\cpp\reader\WriterProxyData.cpp">
      <Filter>Source Files\reader</Filter>
    </ClCompile>
    <ClCompile Include="..\..\..\..\src\cpp\ParticipantProxyData.cpp">
      <Filter>Source Files</Filter>
    </ClCompile>
    <ClCompile Include="..\..\..\..\src\cpp\builtin\discovery\endpoint\EDPStatic.cpp">
      <Filter>Source Files\builtin\discovery\endpoint</Filter>
    </ClCompile>
    <ClCompile Include="..\..\..\..\src\cpp\builtin\discovery\endpoint\EDPStaticXML.cpp">
      <Filter>Source Files\builtin\discovery\endpoint</Filter>
    </ClCompile>
    <ClCompile Include="..\..\..\..\src\cpp\builtin\liveliness\WLPTopicDataType.cpp">
      <Filter>Source Files\builtin\liveliness</Filter>
    </ClCompile>
    <ClCompile Include="..\..\..\..\src\cpp\utils\CDRMessagePool.cpp">
      <Filter>Source Files\utils</Filter>
    </ClCompile>
    <ClCompile Include="..\..\..\..\src\cpp\writer\timedevent\UnsentChangesNotEmptyEvent.cpp">
      <Filter>Source Files\writer\timedevent</Filter>
    </ClCompile>
    <ClCompile Include="..\..\..\..\src\cpp\utils\md5.cpp">
      <Filter>Source Files\utils</Filter>
    </ClCompile>

    <ClCompile Include="..\..\..\..\src\cpp\qos\QosPolicies.cpp">
      <Filter>Source Files\qos</Filter>
    </ClCompile>
    <ClCompile Include="..\..\..\..\src\cpp\pubsub\Publisher.cpp">
      <Filter>Source Files\pubsub</Filter>
    </ClCompile>
    <ClCompile Include="..\..\..\..\src\cpp\pubsub\PublisherListener.cpp">
      <Filter>Source Files\pubsub</Filter>
    </ClCompile>
    <ClCompile Include="..\..\..\..\src\cpp\pubsub\RTPSDomain.cpp">
      <Filter>Source Files\pubsub</Filter>
    </ClCompile>
    <ClCompile Include="..\..\..\..\src\cpp\pubsub\Subscriber.cpp">
      <Filter>Source Files\pubsub</Filter>
    </ClCompile>
    <ClCompile Include="..\..\..\..\src\cpp\pubsub\SubscriberListener.cpp">
      <Filter>Source Files\pubsub</Filter>
    </ClCompile>
    <ClCompile Include="..\..\..\..\src\cpp\pubsub\TopicDataType.cpp">
      <Filter>Source Files\pubsub</Filter>

    <ClCompile Include="..\..\..\..\thirdparty\eprosima-common-code\eProsima_cpp\log\Log.cpp">
      <Filter>Source Files\thirdparty\log</Filter>

    </ClCompile>
  </ItemGroup>
</Project>
