<?xml version="1.0" encoding="utf-8"?>
<Project ToolsVersion="15.0" xmlns="http://schemas.microsoft.com/developer/msbuild/2003">
  <ItemGroup>
    <CustomBuild Include="C:\Users\MiguelBarro\Documents\Fast-RTPS\build64\CMakeFiles\bc506b5c75fd312efe5cc475a27e5115\Nightly.rule">
      <Filter>CMake Rules</Filter>
    </CustomBuild>
    <CustomBuild Include="C:\Users\MiguelBarro\Documents\Fast-RTPS\CMakeLists.txt" />
  </ItemGroup>
  <ItemGroup>
    <None Include="C:\Users\MiguelBarro\Documents\Fast-RTPS\build64\CMakeFiles\Nightly" />
  </ItemGroup>
  <ItemGroup>
    <Filter Include="CMake Rules">
      <UniqueIdentifier>{EAA573C8-816C-33A7-9718-4EC11C7ADCC3}</UniqueIdentifier>
    </Filter>
  </ItemGroup>
</Project>
