Microsoft Visual Studio Solution File, Format Version 12.00
# Visual Studio 15
Project("{8BC9CEB8-8B4A-11D0-8D11-00A0C91BC942}") = "ALL_BUILD", "ALL_BUILD.vcxproj", "{41F29E3B-84D7-37E0-B336-9509332C1CF9}"
	ProjectSection(ProjectDependencies) = postProject
		{2A4D6B76-B440-3541-B7EB-D0F9011A60A4} = {2A4D6B76-B440-3541-B7EB-D0F9011A60A4}
		{410959C4-7991-3B53-ADDD-A710A9826592} = {410959C4-7991-3B53-ADDD-A710A9826592}
	EndProjectSection
EndProject
Project("{8BC9CEB8-8B4A-11D0-8D11-00A0C91BC942}") = "INSTALL", "INSTALL.vcxproj", "{5A74666E-C7BA-3E6C-A776-64B81EC66735}"
	ProjectSection(ProjectDependencies) = postProject
		{41F29E3B-84D7-37E0-B336-9509332C1CF9} = {41F29E3B-84D7-37E0-B336-9509332C1CF9}
		{2A4D6B76-B440-3541-B7EB-D0F9011A60A4} = {2A4D6B76-B440-3541-B7EB-D0F9011A60A4}
	EndProjectSection
EndProject
Project("{8BC9CEB8-8B4A-11D0-8D11-00A0C91BC942}") = "ZERO_CHECK", "ZERO_CHECK.vcxproj", "{2A4D6B76-B440-3541-B7EB-D0F9011A60A4}"
	ProjectSection(ProjectDependencies) = postProject
	EndProjectSection
EndProject
Project("{8BC9CEB8-8B4A-11D0-8D11-00A0C91BC942}") = "keys", "keys.vcxproj", "{410959C4-7991-3B53-ADDD-A710A9826592}"
	ProjectSection(ProjectDependencies) = postProject
		{2A4D6B76-B440-3541-B7EB-D0F9011A60A4} = {2A4D6B76-B440-3541-B7EB-D0F9011A60A4}
	EndProjectSection
EndProject
Global
	GlobalSection(SolutionConfigurationPlatforms) = preSolution
		Debug|x64 = Debug|x64
		Release|x64 = Release|x64
		MinSizeRel|x64 = MinSizeRel|x64
		RelWithDebInfo|x64 = RelWithDebInfo|x64
	EndGlobalSection
	GlobalSection(ProjectConfigurationPlatforms) = postSolution
		{41F29E3B-84D7-37E0-B336-9509332C1CF9}.Debug|x64.ActiveCfg = Debug|x64
		{41F29E3B-84D7-37E0-B336-9509332C1CF9}.Debug|x64.Build.0 = Debug|x64
		{41F29E3B-84D7-37E0-B336-9509332C1CF9}.Release|x64.ActiveCfg = Release|x64
		{41F29E3B-84D7-37E0-B336-9509332C1CF9}.Release|x64.Build.0 = Release|x64
		{41F29E3B-84D7-37E0-B336-9509332C1CF9}.MinSizeRel|x64.ActiveCfg = MinSizeRel|x64
		{41F29E3B-84D7-37E0-B336-9509332C1CF9}.MinSizeRel|x64.Build.0 = MinSizeRel|x64
		{41F29E3B-84D7-37E0-B336-9509332C1CF9}.RelWithDebInfo|x64.ActiveCfg = RelWithDebInfo|x64
		{41F29E3B-84D7-37E0-B336-9509332C1CF9}.RelWithDebInfo|x64.Build.0 = RelWithDebInfo|x64
		{5A74666E-C7BA-3E6C-A776-64B81EC66735}.Debug|x64.ActiveCfg = Debug|x64
		{5A74666E-C7BA-3E6C-A776-64B81EC66735}.Release|x64.ActiveCfg = Release|x64
		{5A74666E-C7BA-3E6C-A776-64B81EC66735}.MinSizeRel|x64.ActiveCfg = MinSizeRel|x64
		{5A74666E-C7BA-3E6C-A776-64B81EC66735}.RelWithDebInfo|x64.ActiveCfg = RelWithDebInfo|x64
		{2A4D6B76-B440-3541-B7EB-D0F9011A60A4}.Debug|x64.ActiveCfg = Debug|x64
		{2A4D6B76-B440-3541-B7EB-D0F9011A60A4}.Debug|x64.Build.0 = Debug|x64
		{2A4D6B76-B440-3541-B7EB-D0F9011A60A4}.Release|x64.ActiveCfg = Release|x64
		{2A4D6B76-B440-3541-B7EB-D0F9011A60A4}.Release|x64.Build.0 = Release|x64
		{2A4D6B76-B440-3541-B7EB-D0F9011A60A4}.MinSizeRel|x64.ActiveCfg = MinSizeRel|x64
		{2A4D6B76-B440-3541-B7EB-D0F9011A60A4}.MinSizeRel|x64.Build.0 = MinSizeRel|x64
		{2A4D6B76-B440-3541-B7EB-D0F9011A60A4}.RelWithDebInfo|x64.ActiveCfg = RelWithDebInfo|x64
		{2A4D6B76-B440-3541-B7EB-D0F9011A60A4}.RelWithDebInfo|x64.Build.0 = RelWithDebInfo|x64
		{410959C4-7991-3B53-ADDD-A710A9826592}.Debug|x64.ActiveCfg = Debug|x64
		{410959C4-7991-3B53-ADDD-A710A9826592}.Debug|x64.Build.0 = Debug|x64
		{410959C4-7991-3B53-ADDD-A710A9826592}.Release|x64.ActiveCfg = Release|x64
		{410959C4-7991-3B53-ADDD-A710A9826592}.Release|x64.Build.0 = Release|x64
		{410959C4-7991-3B53-ADDD-A710A9826592}.MinSizeRel|x64.ActiveCfg = MinSizeRel|x64
		{410959C4-7991-3B53-ADDD-A710A9826592}.MinSizeRel|x64.Build.0 = MinSizeRel|x64
		{410959C4-7991-3B53-ADDD-A710A9826592}.RelWithDebInfo|x64.ActiveCfg = RelWithDebInfo|x64
		{410959C4-7991-3B53-ADDD-A710A9826592}.RelWithDebInfo|x64.Build.0 = RelWithDebInfo|x64
	EndGlobalSection
	GlobalSection(ExtensibilityGlobals) = postSolution
		SolutionGuid = {1847E7EF-9A7C-3F63-9186-C19217C3F27F}
	EndGlobalSection
	GlobalSection(ExtensibilityAddIns) = postSolution
	EndGlobalSection
EndGlobal
