<?xml version="1.0" encoding="utf-8"?>
<Project ToolsVersion="4.0" xmlns="http://schemas.microsoft.com/developer/msbuild/2003">
  <ItemGroup>
    <Filter Include="Source Files">
      <UniqueIdentifier>{4FC737F1-C7A5-4376-A066-2A32D752A2FF}</UniqueIdentifier>
      <Extensions>cpp;c;cc;cxx;def;odl;idl;hpj;bat;asm;asmx</Extensions>
    </Filter>
    <Filter Include="Header Files">
      <UniqueIdentifier>{93995380-89BD-4b04-88EB-625FBE52EBFB}</UniqueIdentifier>
      <Extensions>h;hpp;hxx;hm;inl;inc;xsd</Extensions>
    </Filter>
    <Filter Include="Resource Files">
      <UniqueIdentifier>{67DA6AB6-F800-4c08-8B7A-83BB121AAD01}</UniqueIdentifier>
      <Extensions>rc;ico;cur;bmp;dlg;rc2;rct;bin;rgs;gif;jpg;jpeg;jpe;resx;tiff;tif;png;wav;mfcribbon-ms</Extensions>
    </Filter>
    <Filter Include="Header Files\fastrtps">
      <UniqueIdentifier>{789a2c91-9f6e-40f0-9d67-f8c2e15803c8}</UniqueIdentifier>
    </Filter>
    <Filter Include="Header Files\fastrtps\attributes">
      <UniqueIdentifier>{db79ac70-1860-44c6-b5a9-2b26bd7a79c8}</UniqueIdentifier>
    </Filter>
    <Filter Include="Header Files\fastrtps\config">
      <UniqueIdentifier>{a13182b9-beb6-4a3f-b12e-804e4194d6e9}</UniqueIdentifier>
    </Filter>
    <Filter Include="Header Files\fastrtps\participant">
      <UniqueIdentifier>{c9c50170-9730-4f57-a7a1-6325aee45265}</UniqueIdentifier>
    </Filter>
    <Filter Include="Header Files\fastrtps\publisher">
      <UniqueIdentifier>{84b8557d-28b6-47aa-81f8-eadfcf4499b7}</UniqueIdentifier>
    </Filter>
    <Filter Include="Header Files\fastrtps\qos">
      <UniqueIdentifier>{8911d961-d7b6-40cb-8964-67b1392604d0}</UniqueIdentifier>
    </Filter>
    <Filter Include="Header Files\fastrtps\subscriber">
      <UniqueIdentifier>{b9f96ad9-a77f-49cb-9fef-93a53fe160f5}</UniqueIdentifier>
    </Filter>
    <Filter Include="Header Files\fastrtps\utils">
      <UniqueIdentifier>{a94c3ae0-6eab-41fc-9ec2-032841c03ea7}</UniqueIdentifier>
    </Filter>
    <Filter Include="Header Files\fastrtps\rtps">
      <UniqueIdentifier>{be98bcbd-f886-4db7-8d69-723491b127c2}</UniqueIdentifier>
    </Filter>
    <Filter Include="Source Files\participant">
      <UniqueIdentifier>{33c0ffe4-89ea-4130-9621-c37c555346dd}</UniqueIdentifier>
    </Filter>
    <Filter Include="Source Files\publisher">
      <UniqueIdentifier>{331bfb18-4297-463d-bbe2-868f286073c7}</UniqueIdentifier>
    </Filter>
    <Filter Include="Source Files\qos">
      <UniqueIdentifier>{9f3a8d24-2843-4534-8c17-e608f8a6c873}</UniqueIdentifier>
    </Filter>
    <Filter Include="Source Files\subscriber">
      <UniqueIdentifier>{534a5ce2-7be2-4108-8bd6-2ed84a0d2806}</UniqueIdentifier>
    </Filter>
    <Filter Include="Source Files\utils">
      <UniqueIdentifier>{ed0aa30b-7c10-45ae-a0fa-0ee9cb874c9b}</UniqueIdentifier>
    </Filter>
    <Filter Include="Source Files\rtps">
      <UniqueIdentifier>{cb31377b-61e2-4059-84a3-2d561e838cb9}</UniqueIdentifier>
    </Filter>
    <Filter Include="Source Files\rtps\builtin">
      <UniqueIdentifier>{2fe80d96-de0e-4830-b8fb-04867eb90724}</UniqueIdentifier>
    </Filter>
    <Filter Include="Source Files\rtps\history">
      <UniqueIdentifier>{cee4f4f3-53bd-480e-a21b-16fa2a4d0984}</UniqueIdentifier>
    </Filter>
    <Filter Include="Source Files\rtps\messages">
      <UniqueIdentifier>{325181e2-e337-4a75-b0af-7dec1f4d73a3}</UniqueIdentifier>
    </Filter>
    <Filter Include="Source Files\rtps\participant">
      <UniqueIdentifier>{cdda4ba4-d7ae-4096-b309-2305c1b37be3}</UniqueIdentifier>
    </Filter>
    <Filter Include="Source Files\rtps\reader">
      <UniqueIdentifier>{ae112b96-81e6-4d84-9a54-68aa5aa1ddce}</UniqueIdentifier>
    </Filter>
    <Filter Include="Source Files\rtps\resources">
      <UniqueIdentifier>{8a956b46-c138-4907-9663-2a13411ad970}</UniqueIdentifier>
    </Filter>
    <Filter Include="Source Files\rtps\writer">
      <UniqueIdentifier>{b20c456d-5d49-4a2f-b9f1-3a94c20bc146}</UniqueIdentifier>
    </Filter>
    <Filter Include="Source Files\rtps\reader\timedevent">
      <UniqueIdentifier>{2ed3d763-7d37-4091-9eb7-882435b937e3}</UniqueIdentifier>
    </Filter>
    <Filter Include="Source Files\rtps\writer\timedevent">
      <UniqueIdentifier>{57254f67-b5ce-4d7e-a2a6-eff4f95b56b0}</UniqueIdentifier>
    </Filter>
    <Filter Include="Source Files\rtps\messages\submessages">
      <UniqueIdentifier>{a157ae9f-c8ca-4307-a44b-266f65587ce6}</UniqueIdentifier>
    </Filter>
    <Filter Include="Source Files\rtps\builtin\data">
      <UniqueIdentifier>{4f03b694-fa09-447c-b6d7-5026b08a4b81}</UniqueIdentifier>
    </Filter>
    <Filter Include="Source Files\rtps\builtin\discovery">
      <UniqueIdentifier>{437c6367-4205-4fc7-bf63-e36126b84a6f}</UniqueIdentifier>
    </Filter>
    <Filter Include="Source Files\rtps\builtin\liveliness">
      <UniqueIdentifier>{feee1fb8-3a58-4e55-a426-503085c20668}</UniqueIdentifier>
    </Filter>
    <Filter Include="Source Files\rtps\builtin\liveliness\timedevent">
      <UniqueIdentifier>{5e1e4629-c800-4c22-a738-0c2ea88951af}</UniqueIdentifier>
    </Filter>
    <Filter Include="Source Files\rtps\builtin\discovery\endpoint">
      <UniqueIdentifier>{f8f245a7-528e-4ccd-a218-e34c3b943cf5}</UniqueIdentifier>
    </Filter>
    <Filter Include="Source Files\rtps\builtin\discovery\participant">
      <UniqueIdentifier>{6218a9ab-1336-4cc7-8f43-f3e4373c146a}</UniqueIdentifier>
    </Filter>
    <Filter Include="Source Files\rtps\builtin\discovery\participant\timedevent">
      <UniqueIdentifier>{37fc89a7-222a-43e0-95b4-5fe916eee687}</UniqueIdentifier>
    </Filter>
    <Filter Include="Header Files\fastrtps\rtps\attributes">
      <UniqueIdentifier>{761f86ce-29e8-4aa2-b2d2-2106d2a9f083}</UniqueIdentifier>
    </Filter>
    <Filter Include="Header Files\fastrtps\rtps\builtin">
      <UniqueIdentifier>{df37ecc3-443e-4a17-ac00-3dee8def2b63}</UniqueIdentifier>
    </Filter>
    <Filter Include="Header Files\fastrtps\rtps\common">
      <UniqueIdentifier>{6bade2c4-982c-472b-a9b5-047c5cca96db}</UniqueIdentifier>
    </Filter>
    <Filter Include="Header Files\fastrtps\rtps\history">
      <UniqueIdentifier>{ac8e06bc-0dad-4bca-99b1-42ac3c823327}</UniqueIdentifier>
    </Filter>
    <Filter Include="Header Files\fastrtps\rtps\messages">
      <UniqueIdentifier>{b6c79094-cffa-405e-9d6d-c46a5c06539b}</UniqueIdentifier>
    </Filter>
    <Filter Include="Header Files\fastrtps\rtps\participant">
      <UniqueIdentifier>{a80c6594-ce31-4061-a8dc-abf204567e31}</UniqueIdentifier>
    </Filter>
    <Filter Include="Header Files\fastrtps\rtps\reader">
      <UniqueIdentifier>{e6dd9149-d316-4eba-8728-d340dc41cf63}</UniqueIdentifier>
    </Filter>
    <Filter Include="Header Files\fastrtps\rtps\resources">
      <UniqueIdentifier>{6de56bf6-ebed-414f-b8f3-5bcebe201a80}</UniqueIdentifier>
    </Filter>
    <Filter Include="Header Files\fastrtps\rtps\writer">
      <UniqueIdentifier>{52dd5a68-8bbe-44e7-9a39-8e26c3f9a89f}</UniqueIdentifier>
    </Filter>
    <Filter Include="Header Files\fastrtps\rtps\writer\timedevent">
      <UniqueIdentifier>{991ebaf9-c36b-41d3-8dfa-7e7268796651}</UniqueIdentifier>
    </Filter>
    <Filter Include="Header Files\fastrtps\rtps\reader\timedevent">
      <UniqueIdentifier>{224fefa4-26c9-4b7d-8ae1-bf47080951cc}</UniqueIdentifier>
    </Filter>
    <Filter Include="Header Files\fastrtps\rtps\builtin\data">
      <UniqueIdentifier>{9af29201-a354-4d20-9078-fea050c7e330}</UniqueIdentifier>
    </Filter>
    <Filter Include="Header Files\fastrtps\rtps\builtin\discovery">
      <UniqueIdentifier>{f5ad0194-577d-42aa-9621-575bc6043d33}</UniqueIdentifier>
    </Filter>
    <Filter Include="Header Files\fastrtps\rtps\builtin\liveliness">
      <UniqueIdentifier>{01fe01a9-261e-4b7a-8544-88966471deb9}</UniqueIdentifier>
    </Filter>
    <Filter Include="Header Files\fastrtps\rtps\builtin\discovery\participant">
      <UniqueIdentifier>{1b1ead7f-4f97-4675-8e43-b542413f5fe8}</UniqueIdentifier>
    </Filter>
    <Filter Include="Header Files\fastrtps\rtps\builtin\discovery\endpoint">
      <UniqueIdentifier>{34e7d47c-70e3-4300-a7e6-3367ed0a6bbc}</UniqueIdentifier>
    </Filter>
    <Filter Include="Header Files\fastrtps\rtps\builtin\liveliness\timedevent">
      <UniqueIdentifier>{5f5a6c31-f40d-4a2a-9694-34f17c3d9f70}</UniqueIdentifier>
    </Filter>
    <Filter Include="Header Files\fastrtps\rtps\builtin\discovery\participant\timedevent">
      <UniqueIdentifier>{608e7661-a724-4042-ba49-4557d4b97970}</UniqueIdentifier>
    </Filter>
    <Filter Include="Header Files\eProsima_cpp">
      <UniqueIdentifier>{395b1232-2f5d-424a-954c-4f9e33871f97}</UniqueIdentifier>
    </Filter>
    <Filter Include="Header Files\eProsima_cpp\log">
      <UniqueIdentifier>{26643465-70de-4036-bfb4-252414ed2ad4}</UniqueIdentifier>
    </Filter>
    <Filter Include="Source Files\eProsima_cpp">
      <UniqueIdentifier>{1be476f6-2a13-4e72-a00c-cd58d24102fa}</UniqueIdentifier>
    </Filter>
    <Filter Include="Source Files\eProsima_cpp\log">
      <UniqueIdentifier>{b00e06d2-10e0-4aef-a93a-7b2868b1f6b9}</UniqueIdentifier>
    </Filter>
  </ItemGroup>
  <ItemGroup>
    <ClInclude Include="..\..\..\..\include\fastrtps\attributes\all_attributes.h">
      <Filter>Header Files\fastrtps\attributes</Filter>
    </ClInclude>
    <ClInclude Include="..\..\..\..\include\fastrtps\attributes\ParticipantAttributes.h">
      <Filter>Header Files\fastrtps\attributes</Filter>
    </ClInclude>
    <ClInclude Include="..\..\..\..\include\fastrtps\attributes\PublisherAttributes.h">
      <Filter>Header Files\fastrtps\attributes</Filter>
    </ClInclude>
    <ClInclude Include="..\..\..\..\include\fastrtps\attributes\SubscriberAttributes.h">
      <Filter>Header Files\fastrtps\attributes</Filter>
    </ClInclude>
    <ClInclude Include="..\..\..\..\include\fastrtps\attributes\TopicAttributes.h">
      <Filter>Header Files\fastrtps\attributes</Filter>
    </ClInclude>
    <ClInclude Include="..\..\..\..\include\fastrtps\config\doxygen_modules.h">
      <Filter>Header Files\fastrtps\config</Filter>
    </ClInclude>
    <ClInclude Include="..\..\..\..\include\fastrtps\config\eProsima_auto_link.h">
      <Filter>Header Files\fastrtps\config</Filter>
    </ClInclude>
    <ClInclude Include="..\..\..\..\include\fastrtps\config\eprosima_stl_exports.hpp">
      <Filter>Header Files\fastrtps\config</Filter>
    </ClInclude>
    <ClInclude Include="..\..\..\..\include\fastrtps\config\fastrtps_dll.h">
      <Filter>Header Files\fastrtps\config</Filter>
    </ClInclude>
    <ClInclude Include="..\..\..\..\include\fastrtps\participant\Participant.h">
      <Filter>Header Files\fastrtps\participant</Filter>
    </ClInclude>
    <ClInclude Include="..\..\..\..\include\fastrtps\participant\ParticipantDiscoveryInfo.h">
      <Filter>Header Files\fastrtps\participant</Filter>
    </ClInclude>
    <ClInclude Include="..\..\..\..\include\fastrtps\participant\ParticipantImpl.h">
      <Filter>Header Files\fastrtps\participant</Filter>
    </ClInclude>
    <ClInclude Include="..\..\..\..\include\fastrtps\participant\ParticipantListener.h">
      <Filter>Header Files\fastrtps\participant</Filter>
    </ClInclude>
    <ClInclude Include="..\..\..\..\include\fastrtps\publisher\Publisher.h">
      <Filter>Header Files\fastrtps\publisher</Filter>
    </ClInclude>
    <ClInclude Include="..\..\..\..\include\fastrtps\publisher\PublisherHistory.h">
      <Filter>Header Files\fastrtps\publisher</Filter>
    </ClInclude>
    <ClInclude Include="..\..\..\..\include\fastrtps\publisher\PublisherImpl.h">
      <Filter>Header Files\fastrtps\publisher</Filter>
    </ClInclude>
    <ClInclude Include="..\..\..\..\include\fastrtps\publisher\PublisherListener.h">
      <Filter>Header Files\fastrtps\publisher</Filter>
    </ClInclude>
    <ClInclude Include="..\..\..\..\include\fastrtps\qos\ParameterList.h">
      <Filter>Header Files\fastrtps\qos</Filter>
    </ClInclude>
    <ClInclude Include="..\..\..\..\include\fastrtps\qos\ParameterTypes.h">
      <Filter>Header Files\fastrtps\qos</Filter>
    </ClInclude>
    <ClInclude Include="..\..\..\..\include\fastrtps\qos\QosList.h">
      <Filter>Header Files\fastrtps\qos</Filter>
    </ClInclude>
    <ClInclude Include="..\..\..\..\include\fastrtps\qos\QosPolicies.h">
      <Filter>Header Files\fastrtps\qos</Filter>
    </ClInclude>
    <ClInclude Include="..\..\..\..\include\fastrtps\qos\ReaderQos.h">
      <Filter>Header Files\fastrtps\qos</Filter>
    </ClInclude>
    <ClInclude Include="..\..\..\..\include\fastrtps\qos\WriterQos.h">
      <Filter>Header Files\fastrtps\qos</Filter>
    </ClInclude>
    <ClInclude Include="..\..\..\..\include\fastrtps\subscriber\SampleInfo.h">
      <Filter>Header Files\fastrtps\subscriber</Filter>
    </ClInclude>
    <ClInclude Include="..\..\..\..\include\fastrtps\subscriber\Subscriber.h">
      <Filter>Header Files\fastrtps\subscriber</Filter>
    </ClInclude>
    <ClInclude Include="..\..\..\..\include\fastrtps\subscriber\SubscriberHistory.h">
      <Filter>Header Files\fastrtps\subscriber</Filter>
    </ClInclude>
    <ClInclude Include="..\..\..\..\include\fastrtps\subscriber\SubscriberImpl.h">
      <Filter>Header Files\fastrtps\subscriber</Filter>
    </ClInclude>
    <ClInclude Include="..\..\..\..\include\fastrtps\subscriber\SubscriberListener.h">
      <Filter>Header Files\fastrtps\subscriber</Filter>
    </ClInclude>
    <ClInclude Include="..\..\..\..\include\fastrtps\utils\TimeConversion.h">
      <Filter>Header Files\fastrtps\utils</Filter>
    </ClInclude>
    <ClInclude Include="..\..\..\..\include\fastrtps\utils\eClock.h">
      <Filter>Header Files\fastrtps\utils</Filter>
    </ClInclude>
    <ClInclude Include="..\..\..\..\include\fastrtps\utils\IPFinder.h">
      <Filter>Header Files\fastrtps\utils</Filter>
    </ClInclude>
    <ClInclude Include="..\..\..\..\include\fastrtps\utils\md5.h">
      <Filter>Header Files\fastrtps\utils</Filter>
    </ClInclude>
    <ClInclude Include="..\..\..\..\include\fastrtps\utils\RTPSLog.h">
      <Filter>Header Files\fastrtps\utils</Filter>
    </ClInclude>
    <ClInclude Include="..\..\..\..\include\fastrtps\utils\StringMatching.h">
      <Filter>Header Files\fastrtps\utils</Filter>
    </ClInclude>
    <ClInclude Include="..\..\..\..\include\fastrtps\Domain.h">
      <Filter>Header Files\fastrtps</Filter>
    </ClInclude>
    <ClInclude Include="..\..\..\..\include\fastrtps\fastrtps_all.h">
      <Filter>Header Files\fastrtps</Filter>
    </ClInclude>
    <ClInclude Include="..\..\..\..\include\fastrtps\fastrtps_version.h">
      <Filter>Header Files\fastrtps</Filter>
    </ClInclude>
    <ClInclude Include="..\..\..\..\include\fastrtps\PUBSUBDomain_old.h">
      <Filter>Header Files\fastrtps</Filter>
    </ClInclude>
    <ClInclude Include="..\..\..\..\include\fastrtps\TopicDataType.h">
      <Filter>Header Files\fastrtps</Filter>
    </ClInclude>
    <ClInclude Include="..\..\..\..\src\cpp\rtps\messages\submessages\HeartbeatMsg.hpp">
      <Filter>Source Files\rtps\messages\submessages</Filter>
    </ClInclude>
    <ClInclude Include="..\..\..\..\src\cpp\rtps\messages\submessages\AckNackMsg.hpp">
      <Filter>Source Files\rtps\messages\submessages</Filter>
    </ClInclude>
    <ClInclude Include="..\..\..\..\src\cpp\rtps\messages\submessages\DataMsg.hpp">
      <Filter>Source Files\rtps\messages\submessages</Filter>
    </ClInclude>
    <ClInclude Include="..\..\..\..\src\cpp\rtps\messages\submessages\GapMsg.hpp">
      <Filter>Source Files\rtps\messages\submessages</Filter>
    </ClInclude>
    <ClInclude Include="..\..\..\..\include\fastrtps\rtps\Endpoint.h">
      <Filter>Header Files\fastrtps\rtps</Filter>
    </ClInclude>
    <ClInclude Include="..\..\..\..\include\fastrtps\rtps\RTPSDomain.h">
      <Filter>Header Files\fastrtps\rtps</Filter>
    </ClInclude>
    <ClInclude Include="..\..\..\..\include\fastrtps\rtps\participant\RTPSParticipant.h">
      <Filter>Header Files\fastrtps\rtps\participant</Filter>
    </ClInclude>
    <ClInclude Include="..\..\..\..\include\fastrtps\rtps\participant\RTPSParticipantDiscoveryInfo.h">
      <Filter>Header Files\fastrtps\rtps\participant</Filter>
    </ClInclude>
    <ClInclude Include="..\..\..\..\include\fastrtps\rtps\participant\RTPSParticipantImpl.h">
      <Filter>Header Files\fastrtps\rtps\participant</Filter>
    </ClInclude>
    <ClInclude Include="..\..\..\..\include\fastrtps\rtps\participant\RTPSParticipantListener.h">
      <Filter>Header Files\fastrtps\rtps\participant</Filter>
    </ClInclude>
    <ClInclude Include="..\..\..\..\include\fastrtps\rtps\reader\ReaderListener.h">
      <Filter>Header Files\fastrtps\rtps\reader</Filter>
    </ClInclude>
    <ClInclude Include="..\..\..\..\include\fastrtps\rtps\reader\RTPSReader.h">
      <Filter>Header Files\fastrtps\rtps\reader</Filter>
    </ClInclude>
    <ClInclude Include="..\..\..\..\include\fastrtps\rtps\reader\StatefulReader.h">
      <Filter>Header Files\fastrtps\rtps\reader</Filter>
    </ClInclude>
    <ClInclude Include="..\..\..\..\include\fastrtps\rtps\reader\StatelessReader.h">
      <Filter>Header Files\fastrtps\rtps\reader</Filter>
    </ClInclude>
    <ClInclude Include="..\..\..\..\include\fastrtps\rtps\reader\WriterProxy.h">
      <Filter>Header Files\fastrtps\rtps\reader</Filter>
    </ClInclude>
    <ClInclude Include="..\..\..\..\include\fastrtps\rtps\reader\timedevent\HeartbeatResponseDelay.h">
      <Filter>Header Files\fastrtps\rtps\reader\timedevent</Filter>
    </ClInclude>
    <ClInclude Include="..\..\..\..\include\fastrtps\rtps\reader\timedevent\WriterProxyLiveliness.h">
      <Filter>Header Files\fastrtps\rtps\reader\timedevent</Filter>
    </ClInclude>
    <ClInclude Include="..\..\..\..\include\fastrtps\rtps\resources\ListenResource.h">
      <Filter>Header Files\fastrtps\rtps\resources</Filter>
    </ClInclude>
    <ClInclude Include="..\..\..\..\include\fastrtps\rtps\resources\ListenResourceImpl.h">
      <Filter>Header Files\fastrtps\rtps\resources</Filter>
    </ClInclude>
    <ClInclude Include="..\..\..\..\include\fastrtps\rtps\resources\ResourceEvent.h">
      <Filter>Header Files\fastrtps\rtps\resources</Filter>
    </ClInclude>
    <ClInclude Include="..\..\..\..\include\fastrtps\rtps\resources\ResourceSend.h">
      <Filter>Header Files\fastrtps\rtps\resources</Filter>
    </ClInclude>
    <ClInclude Include="..\..\..\..\include\fastrtps\rtps\resources\ResourceSendImpl.h">
      <Filter>Header Files\fastrtps\rtps\resources</Filter>
    </ClInclude>
    <ClInclude Include="..\..\..\..\include\fastrtps\rtps\resources\TimedEvent.h">
      <Filter>Header Files\fastrtps\rtps\resources</Filter>
    </ClInclude>
    <ClInclude Include="..\..\..\..\include\fastrtps\rtps\resources\TimedEventImpl.h">
      <Filter>Header Files\fastrtps\rtps\resources</Filter>
    </ClInclude>
    <ClInclude Include="..\..\..\..\include\fastrtps\rtps\writer\ReaderLocator.h">
      <Filter>Header Files\fastrtps\rtps\writer</Filter>
    </ClInclude>
    <ClInclude Include="..\..\..\..\include\fastrtps\rtps\writer\ReaderProxy.h">
      <Filter>Header Files\fastrtps\rtps\writer</Filter>
    </ClInclude>
    <ClInclude Include="..\..\..\..\include\fastrtps\rtps\writer\RTPSWriter.h">
      <Filter>Header Files\fastrtps\rtps\writer</Filter>
    </ClInclude>
    <ClInclude Include="..\..\..\..\include\fastrtps\rtps\writer\StatefulWriter.h">
      <Filter>Header Files\fastrtps\rtps\writer</Filter>
    </ClInclude>
    <ClInclude Include="..\..\..\..\include\fastrtps\rtps\writer\StatelessWriter.h">
      <Filter>Header Files\fastrtps\rtps\writer</Filter>
    </ClInclude>
    <ClInclude Include="..\..\..\..\include\fastrtps\rtps\writer\WriterListener.h">
      <Filter>Header Files\fastrtps\rtps\writer</Filter>
    </ClInclude>
    <ClInclude Include="..\..\..\..\include\fastrtps\rtps\writer\timedevent\NackResponseDelay.h">
      <Filter>Header Files\fastrtps\rtps\writer\timedevent</Filter>
    </ClInclude>
    <ClInclude Include="..\..\..\..\include\fastrtps\rtps\writer\timedevent\NackSupressionDuration.h">
      <Filter>Header Files\fastrtps\rtps\writer\timedevent</Filter>
    </ClInclude>
    <ClInclude Include="..\..\..\..\include\fastrtps\rtps\writer\timedevent\PeriodicHeartbeat.h">
      <Filter>Header Files\fastrtps\rtps\writer\timedevent</Filter>
    </ClInclude>
    <ClInclude Include="..\..\..\..\include\fastrtps\rtps\writer\timedevent\UnsentChangesNotEmptyEvent.h">
      <Filter>Header Files\fastrtps\rtps\writer\timedevent</Filter>
    </ClInclude>
    <ClInclude Include="..\..\..\..\include\fastrtps\rtps\messages\CDRMessage.h">
      <Filter>Header Files\fastrtps\rtps\messages</Filter>
    </ClInclude>
    <ClInclude Include="..\..\..\..\include\fastrtps\rtps\messages\CDRMessage.hpp">
      <Filter>Header Files\fastrtps\rtps\messages</Filter>
    </ClInclude>
    <ClInclude Include="..\..\..\..\include\fastrtps\rtps\messages\CDRMessagePool.h">
      <Filter>Header Files\fastrtps\rtps\messages</Filter>
    </ClInclude>
    <ClInclude Include="..\..\..\..\include\fastrtps\rtps\messages\MessageReceiver.h">
      <Filter>Header Files\fastrtps\rtps\messages</Filter>
    </ClInclude>
    <ClInclude Include="..\..\..\..\include\fastrtps\rtps\messages\RTPSMessageCreator.h">
      <Filter>Header Files\fastrtps\rtps\messages</Filter>
    </ClInclude>
    <ClInclude Include="..\..\..\..\include\fastrtps\rtps\messages\RTPSMessageGroup.h">
      <Filter>Header Files\fastrtps\rtps\messages</Filter>
    </ClInclude>
    <ClInclude Include="..\..\..\..\include\fastrtps\rtps\messages\RTPS_messages.h">
      <Filter>Header Files\fastrtps\rtps\messages</Filter>
    </ClInclude>
    <ClInclude Include="..\..\..\..\include\fastrtps\rtps\history\CacheChangePool.h">
      <Filter>Header Files\fastrtps\rtps\history</Filter>
    </ClInclude>
    <ClInclude Include="..\..\..\..\include\fastrtps\rtps\history\History.h">
      <Filter>Header Files\fastrtps\rtps\history</Filter>
    </ClInclude>
    <ClInclude Include="..\..\..\..\include\fastrtps\rtps\history\ReaderHistory.h">
      <Filter>Header Files\fastrtps\rtps\history</Filter>
    </ClInclude>
    <ClInclude Include="..\..\..\..\include\fastrtps\rtps\history\WriterHistory.h">
      <Filter>Header Files\fastrtps\rtps\history</Filter>
    </ClInclude>
    <ClInclude Include="..\..\..\..\include\fastrtps\rtps\common\all_common.h">
      <Filter>Header Files\fastrtps\rtps\common</Filter>
    </ClInclude>
    <ClInclude Include="..\..\..\..\include\fastrtps\rtps\common\CacheChange.h">
      <Filter>Header Files\fastrtps\rtps\common</Filter>
    </ClInclude>
    <ClInclude Include="..\..\..\..\include\fastrtps\rtps\common\CDRMessage_t.h">
      <Filter>Header Files\fastrtps\rtps\common</Filter>
    </ClInclude>
    <ClInclude Include="..\..\..\..\include\fastrtps\rtps\common\Guid.h">
      <Filter>Header Files\fastrtps\rtps\common</Filter>
    </ClInclude>
    <ClInclude Include="..\..\..\..\include\fastrtps\rtps\common\InstanceHandle.h">
      <Filter>Header Files\fastrtps\rtps\common</Filter>
    </ClInclude>
    <ClInclude Include="..\..\..\..\include\fastrtps\rtps\common\Locator.h">
      <Filter>Header Files\fastrtps\rtps\common</Filter>
    </ClInclude>
    <ClInclude Include="..\..\..\..\include\fastrtps\rtps\common\MatchingInfo.h">
      <Filter>Header Files\fastrtps\rtps\common</Filter>
    </ClInclude>
    <ClInclude Include="..\..\..\..\include\fastrtps\rtps\common\SequenceNumber.h">
      <Filter>Header Files\fastrtps\rtps\common</Filter>
    </ClInclude>
    <ClInclude Include="..\..\..\..\include\fastrtps\rtps\common\SerializedPayload.h">
      <Filter>Header Files\fastrtps\rtps\common</Filter>
    </ClInclude>
    <ClInclude Include="..\..\..\..\include\fastrtps\rtps\common\Time_t.h">
      <Filter>Header Files\fastrtps\rtps\common</Filter>
    </ClInclude>
    <ClInclude Include="..\..\..\..\include\fastrtps\rtps\common\Types.h">
      <Filter>Header Files\fastrtps\rtps\common</Filter>
    </ClInclude>
    <ClInclude Include="..\..\..\..\include\fastrtps\rtps\attributes\EndpointAttributes.h">
      <Filter>Header Files\fastrtps\rtps\attributes</Filter>
    </ClInclude>
    <ClInclude Include="..\..\..\..\include\fastrtps\rtps\attributes\HistoryAttributes.h">
      <Filter>Header Files\fastrtps\rtps\attributes</Filter>
    </ClInclude>
    <ClInclude Include="..\..\..\..\include\fastrtps\rtps\attributes\ReaderAttributes.h">
      <Filter>Header Files\fastrtps\rtps\attributes</Filter>
    </ClInclude>
    <ClInclude Include="..\..\..\..\include\fastrtps\rtps\attributes\RTPSParticipantAttributes.h">
      <Filter>Header Files\fastrtps\rtps\attributes</Filter>
    </ClInclude>
    <ClInclude Include="..\..\..\..\include\fastrtps\rtps\attributes\WriterAttributes.h">
      <Filter>Header Files\fastrtps\rtps\attributes</Filter>
    </ClInclude>
    <ClInclude Include="..\..\..\..\include\fastrtps\rtps\builtin\BuiltinProtocols.h">
      <Filter>Header Files\fastrtps\rtps\builtin</Filter>
    </ClInclude>
    <ClInclude Include="..\..\..\..\include\fastrtps\rtps\builtin\data\WriterProxyData.h">
      <Filter>Header Files\fastrtps\rtps\builtin\data</Filter>
    </ClInclude>
    <ClInclude Include="..\..\..\..\include\fastrtps\rtps\builtin\data\ReaderProxyData.h">
      <Filter>Header Files\fastrtps\rtps\builtin\data</Filter>
    </ClInclude>
    <ClInclude Include="..\..\..\..\include\fastrtps\rtps\builtin\data\ParticipantProxyData.h">
      <Filter>Header Files\fastrtps\rtps\builtin\data</Filter>
    </ClInclude>
    <ClInclude Include="..\..\..\..\include\fastrtps\rtps\builtin\discovery\endpoint\EDP.h">
      <Filter>Header Files\fastrtps\rtps\builtin\discovery\endpoint</Filter>
    </ClInclude>
    <ClInclude Include="..\..\..\..\include\fastrtps\rtps\builtin\discovery\endpoint\EDPSimple.h">
      <Filter>Header Files\fastrtps\rtps\builtin\discovery\endpoint</Filter>
    </ClInclude>
    <ClInclude Include="..\..\..\..\include\fastrtps\rtps\builtin\discovery\endpoint\EDPSimpleListeners.h">
      <Filter>Header Files\fastrtps\rtps\builtin\discovery\endpoint</Filter>
    </ClInclude>
    <ClInclude Include="..\..\..\..\include\fastrtps\rtps\builtin\discovery\endpoint\EDPStatic.h">
      <Filter>Header Files\fastrtps\rtps\builtin\discovery\endpoint</Filter>
    </ClInclude>
    <ClInclude Include="..\..\..\..\include\fastrtps\rtps\builtin\discovery\endpoint\EDPStaticXML.h">
      <Filter>Header Files\fastrtps\rtps\builtin\discovery\endpoint</Filter>
    </ClInclude>
    <ClInclude Include="..\..\..\..\include\fastrtps\rtps\builtin\discovery\participant\PDPSimple.h">
      <Filter>Header Files\fastrtps\rtps\builtin\discovery\participant</Filter>
    </ClInclude>
    <ClInclude Include="..\..\..\..\include\fastrtps\rtps\builtin\discovery\participant\PDPSimpleListener.h">
      <Filter>Header Files\fastrtps\rtps\builtin\discovery\participant</Filter>
    </ClInclude>
    <ClInclude Include="..\..\..\..\include\fastrtps\rtps\builtin\liveliness\WLP.h">
      <Filter>Header Files\fastrtps\rtps\builtin\liveliness</Filter>
    </ClInclude>
    <ClInclude Include="..\..\..\..\include\fastrtps\rtps\builtin\liveliness\WLPListener.h">
      <Filter>Header Files\fastrtps\rtps\builtin\liveliness</Filter>
    </ClInclude>
    <ClInclude Include="..\..\..\..\include\fastrtps\rtps\builtin\liveliness\timedevent\WLivelinessPeriodicAssertion.h">
      <Filter>Header Files\fastrtps\rtps\builtin\liveliness\timedevent</Filter>
    </ClInclude>
    <ClInclude Include="..\..\..\..\include\fastrtps\rtps\builtin\discovery\participant\timedevent\RemoteParticipantLeaseDuration.h">
      <Filter>Header Files\fastrtps\rtps\builtin\discovery\participant\timedevent</Filter>
    </ClInclude>
    <ClInclude Include="..\..\..\..\include\fastrtps\rtps\builtin\discovery\participant\timedevent\ResendParticipantProxyDataPeriod.h">
      <Filter>Header Files\fastrtps\rtps\builtin\discovery\participant\timedevent</Filter>
    </ClInclude>
    <ClInclude Include="..\..\..\..\thirdparty\eprosima-common-code\eProsima_cpp\log\Log.h">
      <Filter>Header Files\eProsima_cpp\log</Filter>
    </ClInclude>
    <ClInclude Include="..\..\..\..\thirdparty\eprosima-common-code\eProsima_cpp\log\Colors.h">
      <Filter>Header Files\eProsima_cpp\log</Filter>
    </ClInclude>
  </ItemGroup>
  <ItemGroup>
    <ClCompile Include="..\..\..\..\src\cpp\participant\Participant.cpp">
      <Filter>Source Files\participant</Filter>
    </ClCompile>
    <ClCompile Include="..\..\..\..\src\cpp\participant\ParticipantImpl.cpp">
      <Filter>Source Files\participant</Filter>
    </ClCompile>
    <ClCompile Include="..\..\..\..\src\cpp\Domain.cpp">
      <Filter>Source Files</Filter>
    </ClCompile>
    <ClCompile Include="..\..\..\..\src\cpp\publisher\PublisherImpl.cpp">
      <Filter>Source Files\publisher</Filter>
    </ClCompile>
    <ClCompile Include="..\..\..\..\src\cpp\publisher\Publisher.cpp">
      <Filter>Source Files\publisher</Filter>
    </ClCompile>
    <ClCompile Include="..\..\..\..\src\cpp\publisher\PublisherHistory.cpp">
      <Filter>Source Files\publisher</Filter>
    </ClCompile>
    <ClCompile Include="..\..\..\..\src\cpp\qos\WriterQos.cpp">
      <Filter>Source Files\qos</Filter>
    </ClCompile>
    <ClCompile Include="..\..\..\..\src\cpp\qos\ParameterList.cpp">
      <Filter>Source Files\qos</Filter>
    </ClCompile>
    <ClCompile Include="..\..\..\..\src\cpp\qos\ParameterTypes.cpp">
      <Filter>Source Files\qos</Filter>
    </ClCompile>
    <ClCompile Include="..\..\..\..\src\cpp\qos\QosList.cpp">
      <Filter>Source Files\qos</Filter>
    </ClCompile>
    <ClCompile Include="..\..\..\..\src\cpp\qos\QosPolicies.cpp">
      <Filter>Source Files\qos</Filter>
    </ClCompile>
    <ClCompile Include="..\..\..\..\src\cpp\qos\ReaderQos.cpp">
      <Filter>Source Files\qos</Filter>
    </ClCompile>
    <ClCompile Include="..\..\..\..\src\cpp\subscriber\Subscriber.cpp">
      <Filter>Source Files\subscriber</Filter>
    </ClCompile>
    <ClCompile Include="..\..\..\..\src\cpp\subscriber\SubscriberHistory.cpp">
      <Filter>Source Files\subscriber</Filter>
    </ClCompile>
    <ClCompile Include="..\..\..\..\src\cpp\subscriber\SubscriberImpl.cpp">
      <Filter>Source Files\subscriber</Filter>
    </ClCompile>
    <ClCompile Include="..\..\..\..\src\cpp\utils\StringMatching.cpp">
      <Filter>Source Files\utils</Filter>
    </ClCompile>
    <ClCompile Include="..\..\..\..\src\cpp\utils\eClock.cpp">
      <Filter>Source Files\utils</Filter>
    </ClCompile>
    <ClCompile Include="..\..\..\..\src\cpp\utils\IPFinder.cpp">
      <Filter>Source Files\utils</Filter>
    </ClCompile>
    <ClCompile Include="..\..\..\..\src\cpp\utils\md5.cpp">
      <Filter>Source Files\utils</Filter>
    </ClCompile>
    <ClCompile Include="..\..\..\..\src\cpp\rtps\Endpoint.cpp">
      <Filter>Source Files\rtps</Filter>
    </ClCompile>
    <ClCompile Include="..\..\..\..\src\cpp\rtps\RTPSDomain.cpp">
      <Filter>Source Files\rtps</Filter>
    </ClCompile>
    <ClCompile Include="..\..\..\..\src\cpp\rtps\participant\RTPSParticipant.cpp">
      <Filter>Source Files\rtps\participant</Filter>
    </ClCompile>
    <ClCompile Include="..\..\..\..\src\cpp\rtps\participant\RTPSParticipantImpl.cpp">
      <Filter>Source Files\rtps\participant</Filter>
    </ClCompile>
    <ClCompile Include="..\..\..\..\src\cpp\rtps\reader\RTPSReader.cpp">
      <Filter>Source Files\rtps\reader</Filter>
    </ClCompile>
    <ClCompile Include="..\..\..\..\src\cpp\rtps\reader\StatefulReader.cpp">
      <Filter>Source Files\rtps\reader</Filter>
    </ClCompile>
    <ClCompile Include="..\..\..\..\src\cpp\rtps\reader\StatelessReader.cpp">
      <Filter>Source Files\rtps\reader</Filter>
    </ClCompile>
    <ClCompile Include="..\..\..\..\src\cpp\rtps\reader\WriterProxy.cpp">
      <Filter>Source Files\rtps\reader</Filter>
    </ClCompile>
    <ClCompile Include="..\..\..\..\src\cpp\rtps\reader\timedevent\WriterProxyLiveliness.cpp">
      <Filter>Source Files\rtps\reader\timedevent</Filter>
    </ClCompile>
    <ClCompile Include="..\..\..\..\src\cpp\rtps\reader\timedevent\HeartbeatResponseDelay.cpp">
      <Filter>Source Files\rtps\reader\timedevent</Filter>
    </ClCompile>
    <ClCompile Include="..\..\..\..\src\cpp\rtps\resources\TimedEventImpl.cpp">
      <Filter>Source Files\rtps\resources</Filter>
    </ClCompile>
    <ClCompile Include="..\..\..\..\src\cpp\rtps\resources\ListenResource.cpp">
      <Filter>Source Files\rtps\resources</Filter>
    </ClCompile>
    <ClCompile Include="..\..\..\..\src\cpp\rtps\resources\ListenResourceImpl.cpp">
      <Filter>Source Files\rtps\resources</Filter>
    </ClCompile>
    <ClCompile Include="..\..\..\..\src\cpp\rtps\resources\ResourceEvent.cpp">
      <Filter>Source Files\rtps\resources</Filter>
    </ClCompile>
    <ClCompile Include="..\..\..\..\src\cpp\rtps\resources\ResourceSend.cpp">
      <Filter>Source Files\rtps\resources</Filter>
    </ClCompile>
    <ClCompile Include="..\..\..\..\src\cpp\rtps\resources\ResourceSendImpl.cpp">
      <Filter>Source Files\rtps\resources</Filter>
    </ClCompile>
    <ClCompile Include="..\..\..\..\src\cpp\rtps\resources\TimedEvent.cpp">
      <Filter>Source Files\rtps\resources</Filter>
    </ClCompile>
    <ClCompile Include="..\..\..\..\src\cpp\rtps\writer\ReaderLocator.cpp">
      <Filter>Source Files\rtps\writer</Filter>
    </ClCompile>
    <ClCompile Include="..\..\..\..\src\cpp\rtps\writer\ReaderProxy.cpp">
      <Filter>Source Files\rtps\writer</Filter>
    </ClCompile>
    <ClCompile Include="..\..\..\..\src\cpp\rtps\writer\RTPSWriter.cpp">
      <Filter>Source Files\rtps\writer</Filter>
    </ClCompile>
    <ClCompile Include="..\..\..\..\src\cpp\rtps\writer\StatefulWriter.cpp">
      <Filter>Source Files\rtps\writer</Filter>
    </ClCompile>
    <ClCompile Include="..\..\..\..\src\cpp\rtps\writer\StatelessWriter.cpp">
      <Filter>Source Files\rtps\writer</Filter>
    </ClCompile>
    <ClCompile Include="..\..\..\..\src\cpp\rtps\writer\timedevent\NackResponseDelay.cpp">
      <Filter>Source Files\rtps\writer\timedevent</Filter>
    </ClCompile>
    <ClCompile Include="..\..\..\..\src\cpp\rtps\writer\timedevent\NackSupressionDuration.cpp">
      <Filter>Source Files\rtps\writer\timedevent</Filter>
    </ClCompile>
    <ClCompile Include="..\..\..\..\src\cpp\rtps\writer\timedevent\PeriodicHeartbeat.cpp">
      <Filter>Source Files\rtps\writer\timedevent</Filter>
    </ClCompile>
    <ClCompile Include="..\..\..\..\src\cpp\rtps\writer\timedevent\UnsentChangesNotEmptyEvent.cpp">
      <Filter>Source Files\rtps\writer\timedevent</Filter>
    </ClCompile>
    <ClCompile Include="..\..\..\..\src\cpp\rtps\messages\CDRMessagePool.cpp">
      <Filter>Source Files\rtps\messages</Filter>
    </ClCompile>
    <ClCompile Include="..\..\..\..\src\cpp\rtps\messages\MessageReceiver.cpp">
      <Filter>Source Files\rtps\messages</Filter>
    </ClCompile>
    <ClCompile Include="..\..\..\..\src\cpp\rtps\messages\RTPSMessageCreator.cpp">
      <Filter>Source Files\rtps\messages</Filter>
    </ClCompile>
    <ClCompile Include="..\..\..\..\src\cpp\rtps\messages\RTPSMessageGroup.cpp">
      <Filter>Source Files\rtps\messages</Filter>
    </ClCompile>
    <ClCompile Include="..\..\..\..\src\cpp\rtps\history\WriterHistory.cpp">
      <Filter>Source Files\rtps\history</Filter>
    </ClCompile>
    <ClCompile Include="..\..\..\..\src\cpp\rtps\history\CacheChangePool.cpp">
      <Filter>Source Files\rtps\history</Filter>
    </ClCompile>
    <ClCompile Include="..\..\..\..\src\cpp\rtps\history\History.cpp">
      <Filter>Source Files\rtps\history</Filter>
    </ClCompile>
    <ClCompile Include="..\..\..\..\src\cpp\rtps\history\ReaderHistory.cpp">
      <Filter>Source Files\rtps\history</Filter>
    </ClCompile>
    <ClCompile Include="..\..\..\..\src\cpp\rtps\builtin\BuiltinProtocols.cpp">
      <Filter>Source Files\rtps\builtin</Filter>
    </ClCompile>
    <ClCompile Include="..\..\..\..\src\cpp\rtps\builtin\liveliness\WLP.cpp">
      <Filter>Source Files\rtps\builtin\liveliness</Filter>
    </ClCompile>
    <ClCompile Include="..\..\..\..\src\cpp\rtps\builtin\liveliness\WLPListener.cpp">
      <Filter>Source Files\rtps\builtin\liveliness</Filter>
    </ClCompile>
    <ClCompile Include="..\..\..\..\src\cpp\rtps\builtin\liveliness\timedevent\WLivelinessPeriodicAssertion.cpp">
      <Filter>Source Files\rtps\builtin\liveliness\timedevent</Filter>
    </ClCompile>
    <ClCompile Include="..\..\..\..\src\cpp\rtps\builtin\data\ParticipantProxyData.cpp">
      <Filter>Source Files\rtps\builtin\data</Filter>
    </ClCompile>
    <ClCompile Include="..\..\..\..\src\cpp\rtps\builtin\data\ReaderProxyData.cpp">
      <Filter>Source Files\rtps\builtin\data</Filter>
    </ClCompile>
    <ClCompile Include="..\..\..\..\src\cpp\rtps\builtin\data\WriterProxyData.cpp">
      <Filter>Source Files\rtps\builtin\data</Filter>
    </ClCompile>
    <ClCompile Include="..\..\..\..\src\cpp\rtps\builtin\discovery\participant\PDPSimple.cpp">
      <Filter>Source Files\rtps\builtin\discovery\participant</Filter>
    </ClCompile>
    <ClCompile Include="..\..\..\..\src\cpp\rtps\builtin\discovery\participant\PDPSimpleListener.cpp">
      <Filter>Source Files\rtps\builtin\discovery\participant</Filter>
    </ClCompile>
    <ClCompile Include="..\..\..\..\src\cpp\rtps\builtin\discovery\participant\timedevent\RemoteParticipantLeaseDuration.cpp">
      <Filter>Source Files\rtps\builtin\discovery\participant\timedevent</Filter>
    </ClCompile>
    <ClCompile Include="..\..\..\..\src\cpp\rtps\builtin\discovery\participant\timedevent\ResendParticipantProxyDataPeriod.cpp">
      <Filter>Source Files\rtps\builtin\discovery\participant\timedevent</Filter>
    </ClCompile>
    <ClCompile Include="..\..\..\..\src\cpp\rtps\builtin\discovery\endpoint\EDP.cpp">
      <Filter>Source Files\rtps\builtin\discovery\endpoint</Filter>
    </ClCompile>
    <ClCompile Include="..\..\..\..\src\cpp\rtps\builtin\discovery\endpoint\EDPSimple.cpp">
      <Filter>Source Files\rtps\builtin\discovery\endpoint</Filter>
    </ClCompile>
    <ClCompile Include="..\..\..\..\src\cpp\rtps\builtin\discovery\endpoint\EDPSimpleListeners.cpp">
      <Filter>Source Files\rtps\builtin\discovery\endpoint</Filter>
    </ClCompile>
    <ClCompile Include="..\..\..\..\src\cpp\rtps\builtin\discovery\endpoint\EDPStatic.cpp">
      <Filter>Source Files\rtps\builtin\discovery\endpoint</Filter>
    </ClCompile>
    <ClCompile Include="..\..\..\..\src\cpp\rtps\builtin\discovery\endpoint\EDPStaticXML.cpp">
      <Filter>Source Files\rtps\builtin\discovery\endpoint</Filter>
    </ClCompile>
    <ClCompile Include="..\..\..\..\thirdparty\eprosima-common-code\eProsima_cpp\log\Log.cpp">
      <Filter>Source Files\eProsima_cpp\log</Filter>
    </ClCompile>
  </ItemGroup>
</Project>