<?xml version="1.0" encoding="utf-8"?>
<Project ToolsVersion="4.0" xmlns="http://schemas.microsoft.com/developer/msbuild/2003">
  <ItemGroup>
    <Filter Include="Source Files">
      <UniqueIdentifier>{4FC737F1-C7A5-4376-A066-2A32D752A2FF}</UniqueIdentifier>
      <Extensions>cpp;c;cc;cxx;def;odl;idl;hpj;bat;asm;asmx</Extensions>
    </Filter>
    <Filter Include="Header Files">
      <UniqueIdentifier>{93995380-89BD-4b04-88EB-625FBE52EBFB}</UniqueIdentifier>
      <Extensions>h;hpp;hxx;hm;inl;inc;xsd</Extensions>
    </Filter>
    <Filter Include="Resource Files">
      <UniqueIdentifier>{67DA6AB6-F800-4c08-8B7A-83BB121AAD01}</UniqueIdentifier>
      <Extensions>rc;ico;cur;bmp;dlg;rc2;rct;bin;rgs;gif;jpg;jpeg;jpe;resx;tiff;tif;png;wav;mfcribbon-ms</Extensions>
    </Filter>
    <Filter Include="Header Files\common">
      <UniqueIdentifier>{de89c76b-ad99-45b4-beb9-e4275b9196b2}</UniqueIdentifier>
    </Filter>
    <Filter Include="Source Files\submessages">
      <UniqueIdentifier>{270bf8da-4816-4f4d-8602-e9737a7d0640}</UniqueIdentifier>
    </Filter>
    <Filter Include="Source Files\dds">
      <UniqueIdentifier>{83822060-9c61-48fd-9172-fdd1b269bc7a}</UniqueIdentifier>
    </Filter>
    <Filter Include="Header Files\utils">
      <UniqueIdentifier>{e060f19e-992f-4e68-bb0d-618d72699182}</UniqueIdentifier>
    </Filter>
    <Filter Include="Source Files\utils">
      <UniqueIdentifier>{3d6bede6-6638-4fba-b3a9-b488d481d9c4}</UniqueIdentifier>
    </Filter>
  </ItemGroup>
  <ItemGroup>
    <ClInclude Include="..\..\..\..\include\eprosimartps\CDRMessage.h">
      <Filter>Header Files</Filter>
    </ClInclude>
    <ClInclude Include="..\..\..\..\include\eprosimartps\CDRMessageCreator.h">
      <Filter>Header Files</Filter>
    </ClInclude>
    <ClInclude Include="..\..\..\..\include\eprosimartps\DomainParticipant.h">
      <Filter>Header Files</Filter>
    </ClInclude>
    <ClInclude Include="..\..\..\..\include\eprosimartps\Endpoint.h">
      <Filter>Header Files</Filter>
    </ClInclude>
    <ClInclude Include="..\..\..\..\include\eprosimartps\eprosimartps_version.h">
      <Filter>Header Files</Filter>
    </ClInclude>
    <ClInclude Include="..\..\..\..\include\eprosimartps\HistoryCache.h">
      <Filter>Header Files</Filter>
    </ClInclude>
    <ClInclude Include="..\..\..\..\include\eprosimartps\MessageReceiver.h">
      <Filter>Header Files</Filter>
    </ClInclude>
    <ClInclude Include="..\..\..\..\include\eprosimartps\Participant.h">
      <Filter>Header Files</Filter>
    </ClInclude>
    <ClInclude Include="..\..\..\..\include\eprosimartps\Publisher.h">
      <Filter>Header Files</Filter>
    </ClInclude>
    <ClInclude Include="..\..\..\..\include\eprosimartps\ReaderLocator.h">
      <Filter>Header Files</Filter>
    </ClInclude>
    <ClInclude Include="..\..\..\..\include\eprosimartps\rtps_all.h">
      <Filter>Header Files</Filter>
    </ClInclude>
    <ClInclude Include="..\..\..\..\include\eprosimartps\RTPSReader.h">
      <Filter>Header Files</Filter>
    </ClInclude>
    <ClInclude Include="..\..\..\..\include\eprosimartps\RTPSWriter.h">
      <Filter>Header Files</Filter>
    </ClInclude>
    <ClInclude Include="..\..\..\..\include\eprosimartps\StatelessReader.h">
      <Filter>Header Files</Filter>
    </ClInclude>
    <ClInclude Include="..\..\..\..\include\eprosimartps\StatelessWriter.h">
      <Filter>Header Files</Filter>
    </ClInclude>
    <ClInclude Include="..\..\..\..\include\eprosimartps\Subscriber.h">
      <Filter>Header Files</Filter>
    </ClInclude>
    <ClInclude Include="..\..\..\..\include\eprosimartps\ThreadListen.h">
      <Filter>Header Files</Filter>
    </ClInclude>
    <ClInclude Include="..\..\..\..\include\eprosimartps\ThreadSend.h">
      <Filter>Header Files</Filter>
    </ClInclude>
    <ClInclude Include="..\..\..\..\include\eprosimartps\common\CacheChange.h">
      <Filter>Header Files\common</Filter>
    </ClInclude>
    <ClInclude Include="..\..\..\..\include\eprosimartps\common\colors.h">
      <Filter>Header Files\common</Filter>
    </ClInclude>
    <ClInclude Include="..\..\..\..\include\eprosimartps\common\old_rtps_elem_parameter.h">
      <Filter>Header Files\common</Filter>
    </ClInclude>
    <ClInclude Include="..\..\..\..\include\eprosimartps\common\rtps_common.h">
      <Filter>Header Files\common</Filter>
    </ClInclude>
    <ClInclude Include="..\..\..\..\include\eprosimartps\common\rtps_elem_guid.h">
      <Filter>Header Files\common</Filter>
    </ClInclude>
    <ClInclude Include="..\..\..\..\include\eprosimartps\common\rtps_elem_locator.h">
      <Filter>Header Files\common</Filter>
    </ClInclude>
    <ClInclude Include="..\..\..\..\include\eprosimartps\common\rtps_elem_seqnum.h">
      <Filter>Header Files\common</Filter>
    </ClInclude>
    <ClInclude Include="..\..\..\..\include\eprosimartps\common\rtps_error_codes.h">
      <Filter>Header Files\common</Filter>
    </ClInclude>
    <ClInclude Include="..\..\..\..\include\eprosimartps\common\rtps_messages.h">
      <Filter>Header Files\common</Filter>
    </ClInclude>
    <ClInclude Include="..\..\..\..\src\cpp\submessages\AckNackMsg.hpp">
      <Filter>Source Files\submessages</Filter>
    </ClInclude>
    <ClInclude Include="..\..\..\..\src\cpp\submessages\DataMsg.hpp">
      <Filter>Source Files\submessages</Filter>
    </ClInclude>
    <ClInclude Include="..\..\..\..\src\cpp\submessages\GapMsg.hpp">
      <Filter>Source Files\submessages</Filter>
    </ClInclude>
    <ClInclude Include="..\..\..\..\src\cpp\submessages\HeartbeatMsg.hpp">
      <Filter>Source Files\submessages</Filter>
    </ClInclude>
    <ClInclude Include="..\..\..\..\include\eprosimartps\eprosimartps_dll.h">
      <Filter>Header Files</Filter>
    </ClInclude>
    <ClInclude Include="..\..\..\..\include\eprosimartps\eProsima_auto_link.h">
      <Filter>Header Files</Filter>
    </ClInclude>
    <ClInclude Include="..\..\..\..\include\eprosimartps\utils\Exception.h">
      <Filter>Header Files\utils</Filter>
    </ClInclude>
    <ClInclude Include="..\..\..\..\include\eprosimartps\utils\IPFinder.h">
      <Filter>Header Files\utils</Filter>
    </ClInclude>
    <ClInclude Include="..\..\..\..\include\eprosimartps\utils\RTPSLog.h">
      <Filter>Header Files\utils</Filter>
    </ClInclude>
    <ClInclude Include="..\..\..\..\include\eprosimartps\ParameterList_t.h">
      <Filter>Header Files</Filter>
    </ClInclude>
    <ClInclude Include="..\..\..\..\include\eprosimartps\ParameterListCreator.h">
      <Filter>Header Files</Filter>
    </ClInclude>
  </ItemGroup>
  <ItemGroup>
    <ClCompile Include="..\..\..\..\src\cpp\CDRMessage.cpp">
      <Filter>Source Files</Filter>
    </ClCompile>
    <ClCompile Include="..\..\..\..\src\cpp\CDRMessageCreator.cpp">
      <Filter>Source Files</Filter>
    </ClCompile>
    <ClCompile Include="..\..\..\..\src\cpp\Endpoint.cpp">
      <Filter>Source Files</Filter>
    </ClCompile>
    <ClCompile Include="..\..\..\..\src\cpp\HistoryCache.cpp">
      <Filter>Source Files</Filter>
    </ClCompile>
    <ClCompile Include="..\..\..\..\src\cpp\MessageReceiver.cpp">
      <Filter>Source Files</Filter>
    </ClCompile>
    <ClCompile Include="..\..\..\..\src\cpp\Participant.cpp">
      <Filter>Source Files</Filter>
    </ClCompile>
    <ClCompile Include="..\..\..\..\src\cpp\ReaderLocator.cpp">
      <Filter>Source Files</Filter>
    </ClCompile>
    <ClCompile Include="..\..\..\..\src\cpp\RTPSReader.cpp">
      <Filter>Source Files</Filter>
    </ClCompile>
    <ClCompile Include="..\..\..\..\src\cpp\RTPSWriter.cpp">
      <Filter>Source Files</Filter>
    </ClCompile>
    <ClCompile Include="..\..\..\..\src\cpp\StatelessReader.cpp">
      <Filter>Source Files</Filter>
    </ClCompile>
    <ClCompile Include="..\..\..\..\src\cpp\StatelessWriter.cpp">
      <Filter>Source Files</Filter>
    </ClCompile>
    <ClCompile Include="..\..\..\..\src\cpp\ThreadListen.cpp">
      <Filter>Source Files</Filter>
    </ClCompile>
    <ClCompile Include="..\..\..\..\src\cpp\ThreadSend.cpp">
      <Filter>Source Files</Filter>
    </ClCompile>
    <ClCompile Include="..\..\..\..\src\cpp\dds\DomainParticipant.cpp">
      <Filter>Source Files\dds</Filter>
    </ClCompile>
    <ClCompile Include="..\..\..\..\src\cpp\dds\Publisher.cpp">
      <Filter>Source Files\dds</Filter>
    </ClCompile>
    <ClCompile Include="..\..\..\..\src\cpp\dds\Subscriber.cpp">
      <Filter>Source Files\dds</Filter>
    </ClCompile>
    <ClCompile Include="..\..\..\..\src\cpp\utils\Exception.cpp">
      <Filter>Source Files\utils</Filter>
    </ClCompile>
    <ClCompile Include="..\..\..\..\src\cpp\utils\IPFinder.cpp">
      <Filter>Source Files\utils</Filter>
    </ClCompile>
    <ClCompile Include="..\..\..\..\src\cpp\utils\RTPSLog.cpp">
      <Filter>Source Files\utils</Filter>
    </ClCompile>
    <ClCompile Include="..\..\..\..\src\cpp\ParameterList_t.cpp">
      <Filter>Source Files</Filter>
    </ClCompile>
    <ClCompile Include="..\..\..\..\src\cpp\dds\ParameterListCreator.cpp">
      <Filter>Source Files\dds</Filter>
    </ClCompile>
  </ItemGroup>
</Project>