<?xml version="1.0" encoding="utf-8"?>
<Project ToolsVersion="4.0" xmlns="http://schemas.microsoft.com/developer/msbuild/2003">
  <ItemGroup>
    <Filter Include="Source Files">
      <UniqueIdentifier>{4FC737F1-C7A5-4376-A066-2A32D752A2FF}</UniqueIdentifier>
      <Extensions>cpp;c;cc;cxx;def;odl;idl;hpj;bat;asm;asmx</Extensions>
    </Filter>
    <Filter Include="Header Files">
      <UniqueIdentifier>{93995380-89BD-4b04-88EB-625FBE52EBFB}</UniqueIdentifier>
      <Extensions>h;hpp;hxx;hm;inl;inc;xsd</Extensions>
    </Filter>
    <Filter Include="Resource Files">
      <UniqueIdentifier>{67DA6AB6-F800-4c08-8B7A-83BB121AAD01}</UniqueIdentifier>
      <Extensions>rc;ico;cur;bmp;dlg;rc2;rct;bin;rgs;gif;jpg;jpeg;jpe;resx;tiff;tif;png;wav;mfcribbon-ms</Extensions>
    </Filter>
    <Filter Include="Header Files\eprosimartps">
      <UniqueIdentifier>{789a2c91-9f6e-40f0-9d67-f8c2e15803c8}</UniqueIdentifier>
    </Filter>
    <Filter Include="Header Files\eprosimartps\common">
      <UniqueIdentifier>{14c7b09e-93a7-4a6d-8d9c-4c8e3a9d780f}</UniqueIdentifier>
    </Filter>
    <Filter Include="Header Files\eprosimartps\reader">
      <UniqueIdentifier>{e320b864-1b62-484a-9014-be09f96ab47f}</UniqueIdentifier>
    </Filter>
    <Filter Include="Header Files\eprosimartps\resources">
      <UniqueIdentifier>{8c987fbb-2df3-4e99-9e78-8ad73360966e}</UniqueIdentifier>
    </Filter>
    <Filter Include="Header Files\eprosimartps\writer">
      <UniqueIdentifier>{4a9e2fd3-6069-4fe1-b53f-72c80fd767ee}</UniqueIdentifier>
    </Filter>
    <Filter Include="Header Files\eprosimartps\timedevent">
      <UniqueIdentifier>{a1a24d47-12a1-42ae-920b-7a1186073791}</UniqueIdentifier>
    </Filter>
    <Filter Include="Header Files\eprosimartps\common\attributes">
      <UniqueIdentifier>{b409774e-45cf-49dd-aca4-c06d6028582a}</UniqueIdentifier>
    </Filter>
    <Filter Include="Header Files\eprosimartps\dds">
      <UniqueIdentifier>{d274251b-d804-48d4-9a4c-ed8ec96bee4a}</UniqueIdentifier>
    </Filter>
    <Filter Include="Header Files\eprosimartps\discovery">
      <UniqueIdentifier>{1f8df1a2-acd2-4281-bf37-0fefed224468}</UniqueIdentifier>
    </Filter>
    <Filter Include="Header Files\eprosimartps\utils">
      <UniqueIdentifier>{18a15a33-f176-49fc-aa04-f6b89365a81c}</UniqueIdentifier>
    </Filter>
    <Filter Include="Header Files\eprosimartps\qos">
      <UniqueIdentifier>{b8ed4c90-bba1-4ebd-88e2-9144a7e9479c}</UniqueIdentifier>
    </Filter>
    <Filter Include="Header Files\eprosimartps\discovery\data">
      <UniqueIdentifier>{60becdb8-e2ac-4796-ba07-40d1c04b1fd2}</UniqueIdentifier>
    </Filter>
    <Filter Include="Source Files\dds">
      <UniqueIdentifier>{b6d0b317-b894-4146-8740-5f4813f71f56}</UniqueIdentifier>
    </Filter>
    <Filter Include="Source Files\discovery">
      <UniqueIdentifier>{06d8b985-0df9-4f59-be7c-172fe84d3e30}</UniqueIdentifier>
    </Filter>
    <Filter Include="Source Files\qos">
      <UniqueIdentifier>{962fedd8-39e5-47b9-8c36-c15b508ec474}</UniqueIdentifier>
    </Filter>
    <Filter Include="Source Files\reader">
      <UniqueIdentifier>{f681e21d-464e-4a05-86b7-2d976b9e57c7}</UniqueIdentifier>
    </Filter>
    <Filter Include="Source Files\resources">
      <UniqueIdentifier>{79870366-91a3-4ec9-9034-190fdaa9822d}</UniqueIdentifier>
    </Filter>
    <Filter Include="Source Files\submessages">
      <UniqueIdentifier>{337afe7a-850a-4d9b-8381-7457d03bfffb}</UniqueIdentifier>
    </Filter>
    <Filter Include="Source Files\timedevent">
      <UniqueIdentifier>{a99e7974-afe9-4557-9ea9-f853d6e87193}</UniqueIdentifier>
    </Filter>
    <Filter Include="Source Files\utils">
      <UniqueIdentifier>{23d9b5ee-47cd-4e78-89b2-f18c91534002}</UniqueIdentifier>
    </Filter>
    <Filter Include="Source Files\writer">
      <UniqueIdentifier>{5ae918d0-8a5d-439d-b627-18ac1fae51ec}</UniqueIdentifier>
    </Filter>
    <Filter Include="Source Files\discovery\data">
      <UniqueIdentifier>{fdb881f2-6405-4ac6-8b09-c9d0b5323b8e}</UniqueIdentifier>
    </Filter>
  </ItemGroup>
  <ItemGroup>
    <ClInclude Include="..\..\..\..\include\eprosimartps\CacheChangePool.h">
      <Filter>Header Files\eprosimartps</Filter>
    </ClInclude>
    <ClInclude Include="..\..\..\..\include\eprosimartps\CDRMessage.h">
      <Filter>Header Files\eprosimartps</Filter>
    </ClInclude>
    <ClInclude Include="..\..\..\..\include\eprosimartps\CDRMessage.hpp">
      <Filter>Header Files\eprosimartps</Filter>
    </ClInclude>
    <ClInclude Include="..\..\..\..\include\eprosimartps\Endpoint.h">
      <Filter>Header Files\eprosimartps</Filter>
    </ClInclude>
    <ClInclude Include="..\..\..\..\include\eprosimartps\eProsima_auto_link.h">
      <Filter>Header Files\eprosimartps</Filter>
    </ClInclude>
    <ClInclude Include="..\..\..\..\include\eprosimartps\eprosimartps_dll.h">
      <Filter>Header Files\eprosimartps</Filter>
    </ClInclude>
    <ClInclude Include="..\..\..\..\include\eprosimartps\eprosimartps_version.h">
      <Filter>Header Files\eprosimartps</Filter>
    </ClInclude>
    <ClInclude Include="..\..\..\..\include\eprosimartps\HistoryCache.h">
      <Filter>Header Files\eprosimartps</Filter>
    </ClInclude>
    <ClInclude Include="..\..\..\..\include\eprosimartps\MessageReceiver.h">
      <Filter>Header Files\eprosimartps</Filter>
    </ClInclude>
    <ClInclude Include="..\..\..\..\include\eprosimartps\Participant.h">
      <Filter>Header Files\eprosimartps</Filter>
    </ClInclude>
    <ClInclude Include="..\..\..\..\include\eprosimartps\rtps_all.h">
      <Filter>Header Files\eprosimartps</Filter>
    </ClInclude>
    <ClInclude Include="..\..\..\..\include\eprosimartps\RTPSMessageCreator.h">
      <Filter>Header Files\eprosimartps</Filter>
    </ClInclude>
    <ClInclude Include="..\..\..\..\include\eprosimartps\common\CacheChange.h">
      <Filter>Header Files\eprosimartps\common</Filter>
    </ClInclude>
    <ClInclude Include="..\..\..\..\include\eprosimartps\common\colors.h">
      <Filter>Header Files\eprosimartps\common</Filter>
    </ClInclude>
    <ClInclude Include="..\..\..\..\include\eprosimartps\common\rtps_common.h">
      <Filter>Header Files\eprosimartps\common</Filter>
    </ClInclude>
    <ClInclude Include="..\..\..\..\include\eprosimartps\common\rtps_doxygen_modules.h">
      <Filter>Header Files\eprosimartps\common</Filter>
    </ClInclude>
    <ClInclude Include="..\..\..\..\include\eprosimartps\common\rtps_elem_guid.h">
      <Filter>Header Files\eprosimartps\common</Filter>
    </ClInclude>
    <ClInclude Include="..\..\..\..\include\eprosimartps\common\rtps_elem_locator.h">
      <Filter>Header Files\eprosimartps\common</Filter>
    </ClInclude>
    <ClInclude Include="..\..\..\..\include\eprosimartps\common\rtps_elem_seqnum.h">
      <Filter>Header Files\eprosimartps\common</Filter>
    </ClInclude>
    <ClInclude Include="..\..\..\..\include\eprosimartps\common\rtps_error_codes.h">
      <Filter>Header Files\eprosimartps\common</Filter>
    </ClInclude>
    <ClInclude Include="..\..\..\..\include\eprosimartps\common\rtps_messages.h">
      <Filter>Header Files\eprosimartps\common</Filter>
    </ClInclude>
    <ClInclude Include="..\..\..\..\include\eprosimartps\common\rtps_parameter_types.h">
      <Filter>Header Files\eprosimartps\common</Filter>
    </ClInclude>
    <ClInclude Include="..\..\..\..\include\eprosimartps\common\attributes\ParticipantAttributes.h">
      <Filter>Header Files\eprosimartps\common\attributes</Filter>
    </ClInclude>
    <ClInclude Include="..\..\..\..\include\eprosimartps\common\attributes\PublisherAttributes.h">
      <Filter>Header Files\eprosimartps\common\attributes</Filter>
    </ClInclude>
    <ClInclude Include="..\..\..\..\include\eprosimartps\common\attributes\ReliabilityAttributes.h">
      <Filter>Header Files\eprosimartps\common\attributes</Filter>
    </ClInclude>
    <ClInclude Include="..\..\..\..\include\eprosimartps\common\attributes\SubscriberAttributes.h">
      <Filter>Header Files\eprosimartps\common\attributes</Filter>
    </ClInclude>
    <ClInclude Include="..\..\..\..\include\eprosimartps\common\attributes\TopicAttributes.h">
      <Filter>Header Files\eprosimartps\common\attributes</Filter>
    </ClInclude>
    <ClInclude Include="..\..\..\..\include\eprosimartps\timedevent\HeartbeatResponseDelay.h">
      <Filter>Header Files\eprosimartps\timedevent</Filter>
    </ClInclude>
    <ClInclude Include="..\..\..\..\include\eprosimartps\timedevent\NackResponseDelay.h">
      <Filter>Header Files\eprosimartps\timedevent</Filter>
    </ClInclude>
    <ClInclude Include="..\..\..\..\include\eprosimartps\timedevent\NackSupressionDuration.h">
      <Filter>Header Files\eprosimartps\timedevent</Filter>
    </ClInclude>
    <ClInclude Include="..\..\..\..\include\eprosimartps\timedevent\PeriodicHeartbeat.h">
      <Filter>Header Files\eprosimartps\timedevent</Filter>
    </ClInclude>
    <ClInclude Include="..\..\..\..\include\eprosimartps\timedevent\ResendDiscoveryDataPeriod.h">
      <Filter>Header Files\eprosimartps\timedevent</Filter>
    </ClInclude>
    <ClInclude Include="..\..\..\..\include\eprosimartps\timedevent\TimedEvent.h">
      <Filter>Header Files\eprosimartps\timedevent</Filter>
    </ClInclude>
    <ClInclude Include="..\..\..\..\include\eprosimartps\writer\ReaderLocator.h">
      <Filter>Header Files\eprosimartps\writer</Filter>
    </ClInclude>
    <ClInclude Include="..\..\..\..\include\eprosimartps\writer\ReaderProxy.h">
      <Filter>Header Files\eprosimartps\writer</Filter>
    </ClInclude>
    <ClInclude Include="..\..\..\..\include\eprosimartps\writer\RTPSMessageGroup.h">
      <Filter>Header Files\eprosimartps\writer</Filter>
    </ClInclude>
    <ClInclude Include="..\..\..\..\include\eprosimartps\writer\RTPSWriter.h">
      <Filter>Header Files\eprosimartps\writer</Filter>
    </ClInclude>
    <ClInclude Include="..\..\..\..\include\eprosimartps\writer\StatefulWriter.h">
      <Filter>Header Files\eprosimartps\writer</Filter>
    </ClInclude>
    <ClInclude Include="..\..\..\..\include\eprosimartps\writer\StatelessWriter.h">
      <Filter>Header Files\eprosimartps\writer</Filter>
    </ClInclude>
    <ClInclude Include="..\..\..\..\include\eprosimartps\resources\ResourceEvent.h">
      <Filter>Header Files\eprosimartps\resources</Filter>
    </ClInclude>
    <ClInclude Include="..\..\..\..\include\eprosimartps\resources\ResourceListen.h">
      <Filter>Header Files\eprosimartps\resources</Filter>
    </ClInclude>
    <ClInclude Include="..\..\..\..\include\eprosimartps\resources\ResourceSend.h">
      <Filter>Header Files\eprosimartps\resources</Filter>
    </ClInclude>
    <ClInclude Include="..\..\..\..\include\eprosimartps\reader\RTPSReader.h">
      <Filter>Header Files\eprosimartps\reader</Filter>
    </ClInclude>
    <ClInclude Include="..\..\..\..\include\eprosimartps\reader\StatefulReader.h">
      <Filter>Header Files\eprosimartps\reader</Filter>
    </ClInclude>
    <ClInclude Include="..\..\..\..\include\eprosimartps\reader\StatelessReader.h">
      <Filter>Header Files\eprosimartps\reader</Filter>
    </ClInclude>
    <ClInclude Include="..\..\..\..\include\eprosimartps\reader\WriterProxy.h">
      <Filter>Header Files\eprosimartps\reader</Filter>
    </ClInclude>
    <ClInclude Include="..\..\..\..\include\eprosimartps\dds\DDSTopicDataType.h">
      <Filter>Header Files\eprosimartps\dds</Filter>
    </ClInclude>
    <ClInclude Include="..\..\..\..\include\eprosimartps\dds\DomainParticipant.h">
      <Filter>Header Files\eprosimartps\dds</Filter>
    </ClInclude>
    <ClInclude Include="..\..\..\..\include\eprosimartps\dds\Publisher.h">
      <Filter>Header Files\eprosimartps\dds</Filter>
    </ClInclude>
    <ClInclude Include="..\..\..\..\include\eprosimartps\dds\PublisherListener.h">
      <Filter>Header Files\eprosimartps\dds</Filter>
    </ClInclude>
    <ClInclude Include="..\..\..\..\include\eprosimartps\dds\SampleInfo.h">
      <Filter>Header Files\eprosimartps\dds</Filter>
    </ClInclude>
    <ClInclude Include="..\..\..\..\include\eprosimartps\dds\Subscriber.h">
      <Filter>Header Files\eprosimartps\dds</Filter>
    </ClInclude>
    <ClInclude Include="..\..\..\..\include\eprosimartps\dds\SubscriberListener.h">
      <Filter>Header Files\eprosimartps\dds</Filter>
    </ClInclude>
    <ClInclude Include="..\..\..\..\include\eprosimartps\discovery\SimpleEndpointDiscoveryProtocol.h">
      <Filter>Header Files\eprosimartps\discovery</Filter>
    </ClInclude>
    <ClInclude Include="..\..\..\..\include\eprosimartps\discovery\SimpleParticipantDiscoveryProtocol.h">
      <Filter>Header Files\eprosimartps\discovery</Filter>
    </ClInclude>
    <ClInclude Include="..\..\..\..\include\eprosimartps\discovery\SPDPListener.h">
      <Filter>Header Files\eprosimartps\discovery</Filter>
    </ClInclude>
    <ClInclude Include="..\..\..\..\include\eprosimartps\discovery\StaticEndpointDiscoveryProtocol.h">
      <Filter>Header Files\eprosimartps\discovery</Filter>
    </ClInclude>
    <ClInclude Include="..\..\..\..\include\eprosimartps\discovery\data\DiscoveredParticipantData.h">
      <Filter>Header Files\eprosimartps\discovery\data</Filter>
    </ClInclude>
    <ClInclude Include="..\..\..\..\include\eprosimartps\discovery\data\ParticipantProxy.h">
      <Filter>Header Files\eprosimartps\discovery\data</Filter>
    </ClInclude>
    <ClInclude Include="..\..\..\..\include\eprosimartps\qos\ParameterList.h">
      <Filter>Header Files\eprosimartps\qos</Filter>
    </ClInclude>
    <ClInclude Include="..\..\..\..\include\eprosimartps\qos\ParameterTypes.h">
      <Filter>Header Files\eprosimartps\qos</Filter>
    </ClInclude>
    <ClInclude Include="..\..\..\..\include\eprosimartps\qos\QosList.h">
      <Filter>Header Files\eprosimartps\qos</Filter>
    </ClInclude>
    <ClInclude Include="..\..\..\..\include\eprosimartps\utils\eClock.h">
      <Filter>Header Files\eprosimartps\utils</Filter>
    </ClInclude>
    <ClInclude Include="..\..\..\..\include\eprosimartps\utils\Exception.h">
      <Filter>Header Files\eprosimartps\utils</Filter>
    </ClInclude>
    <ClInclude Include="..\..\..\..\include\eprosimartps\utils\IPFinder.h">
      <Filter>Header Files\eprosimartps\utils</Filter>
    </ClInclude>
    <ClInclude Include="..\..\..\..\include\eprosimartps\utils\ObjectPool.h">
      <Filter>Header Files\eprosimartps\utils</Filter>
    </ClInclude>
    <ClInclude Include="..\..\..\..\include\eprosimartps\utils\RTPSLog.h">
      <Filter>Header Files\eprosimartps\utils</Filter>
    </ClInclude>
    <ClInclude Include="..\..\..\..\include\eprosimartps\utils\Semaphore.h">
      <Filter>Header Files\eprosimartps\utils</Filter>
    </ClInclude>
    <ClInclude Include="..\..\..\..\src\cpp\submessages\AckNackMsg.hpp">
      <Filter>Source Files\submessages</Filter>
    </ClInclude>
    <ClInclude Include="..\..\..\..\src\cpp\submessages\DataMsg.hpp">
      <Filter>Source Files\submessages</Filter>
    </ClInclude>
    <ClInclude Include="..\..\..\..\src\cpp\submessages\GapMsg.hpp">
      <Filter>Source Files\submessages</Filter>
    </ClInclude>
    <ClInclude Include="..\..\..\..\src\cpp\submessages\HeartbeatMsg.hpp">
      <Filter>Source Files\submessages</Filter>
    </ClInclude>
  </ItemGroup>
  <ItemGroup>
    <ClCompile Include="..\..\..\..\include\eprosimartps\utils\Semaphore.cpp">
      <Filter>Header Files\eprosimartps\utils</Filter>
    </ClCompile>
    <ClCompile Include="..\..\..\..\src\cpp\CacheChangePool.cpp">
      <Filter>Source Files</Filter>
    </ClCompile>
    <ClCompile Include="..\..\..\..\src\cpp\Endpoint.cpp">
      <Filter>Source Files</Filter>
    </ClCompile>
    <ClCompile Include="..\..\..\..\src\cpp\HistoryCache.cpp">
      <Filter>Source Files</Filter>
    </ClCompile>
    <ClCompile Include="..\..\..\..\src\cpp\MessageReceiver.cpp">
      <Filter>Source Files</Filter>
    </ClCompile>
    <ClCompile Include="..\..\..\..\src\cpp\Participant.cpp">
      <Filter>Source Files</Filter>
    </ClCompile>
    <ClCompile Include="..\..\..\..\src\cpp\RTPSMessageCreator.cpp">
      <Filter>Source Files</Filter>
    </ClCompile>
    <ClCompile Include="..\..\..\..\src\cpp\dds\DDSTopicDataType.cpp">
      <Filter>Source Files\dds</Filter>
    </ClCompile>
    <ClCompile Include="..\..\..\..\src\cpp\dds\DomainParticipant.cpp">
      <Filter>Source Files\dds</Filter>
    </ClCompile>
    <ClCompile Include="..\..\..\..\src\cpp\dds\Publisher.cpp">
      <Filter>Source Files\dds</Filter>
    </ClCompile>
    <ClCompile Include="..\..\..\..\src\cpp\dds\PublisherListener.cpp">
      <Filter>Source Files\dds</Filter>
    </ClCompile>
    <ClCompile Include="..\..\..\..\src\cpp\dds\Subscriber.cpp">
      <Filter>Source Files\dds</Filter>
    </ClCompile>
    <ClCompile Include="..\..\..\..\src\cpp\dds\SubscriberListener.cpp">
      <Filter>Source Files\dds</Filter>
    </ClCompile>
    <ClCompile Include="..\..\..\..\src\cpp\discovery\SimpleEndpointDiscoveryProtocol.cpp">
      <Filter>Source Files\discovery</Filter>
    </ClCompile>
    <ClCompile Include="..\..\..\..\src\cpp\discovery\SimpleParticipantDiscoveryProtocol.cpp">
      <Filter>Source Files\discovery</Filter>
    </ClCompile>
    <ClCompile Include="..\..\..\..\src\cpp\discovery\SPDPListener.cpp">
      <Filter>Source Files\discovery</Filter>
    </ClCompile>
    <ClCompile Include="..\..\..\..\src\cpp\discovery\StaticEndpointDiscoveryProtocol.cpp">
      <Filter>Source Files\discovery</Filter>
    </ClCompile>
    <ClCompile Include="..\..\..\..\src\cpp\discovery\data\DiscoveredParticipantData.cpp">
      <Filter>Source Files\discovery\data</Filter>
    </ClCompile>
    <ClCompile Include="..\..\..\..\src\cpp\writer\StatelessWriter.cpp">
      <Filter>Source Files\writer</Filter>
    </ClCompile>
    <ClCompile Include="..\..\..\..\src\cpp\writer\StatefulWriter.cpp">
      <Filter>Source Files\writer</Filter>
    </ClCompile>
    <ClCompile Include="..\..\..\..\src\cpp\writer\RTPSWriter.cpp">
      <Filter>Source Files\writer</Filter>
    </ClCompile>
    <ClCompile Include="..\..\..\..\src\cpp\writer\RTPSMessageGroup.cpp">
      <Filter>Source Files\writer</Filter>
    </ClCompile>
    <ClCompile Include="..\..\..\..\src\cpp\writer\ReaderProxy.cpp">
      <Filter>Source Files\writer</Filter>
    </ClCompile>
    <ClCompile Include="..\..\..\..\src\cpp\writer\ReaderLocator.cpp">
      <Filter>Source Files\writer</Filter>
    </ClCompile>
    <ClCompile Include="..\..\..\..\src\cpp\utils\eClock.cpp">
      <Filter>Source Files\utils</Filter>
    </ClCompile>
    <ClCompile Include="..\..\..\..\src\cpp\utils\Exception.cpp">
      <Filter>Source Files\utils</Filter>
    </ClCompile>
    <ClCompile Include="..\..\..\..\src\cpp\utils\IPFinder.cpp">
      <Filter>Source Files\utils</Filter>
    </ClCompile>
    <ClCompile Include="..\..\..\..\src\cpp\utils\ObjectPool.cpp">
      <Filter>Source Files\utils</Filter>
    </ClCompile>
    <ClCompile Include="..\..\..\..\src\cpp\utils\RTPSLog.cpp">
      <Filter>Source Files\utils</Filter>
    </ClCompile>
    <ClCompile Include="..\..\..\..\src\cpp\timedevent\HeartbeatResponseDelay.cpp">
      <Filter>Source Files\timedevent</Filter>
    </ClCompile>
    <ClCompile Include="..\..\..\..\src\cpp\timedevent\NackResponseDelay.cpp">
      <Filter>Source Files\timedevent</Filter>
    </ClCompile>
    <ClCompile Include="..\..\..\..\src\cpp\timedevent\NackSupressionDuration.cpp">
      <Filter>Source Files\timedevent</Filter>
    </ClCompile>
    <ClCompile Include="..\..\..\..\src\cpp\timedevent\PeriodicHeartbeat.cpp">
      <Filter>Source Files\timedevent</Filter>
    </ClCompile>
    <ClCompile Include="..\..\..\..\src\cpp\timedevent\ResendDiscoveryDataPeriod.cpp">
      <Filter>Source Files\timedevent</Filter>
    </ClCompile>
    <ClCompile Include="..\..\..\..\src\cpp\timedevent\TimedEvent.cpp">
      <Filter>Source Files\timedevent</Filter>
    </ClCompile>
    <ClCompile Include="..\..\..\..\src\cpp\resources\ResourceEvent.cpp">
      <Filter>Source Files\resources</Filter>
    </ClCompile>
    <ClCompile Include="..\..\..\..\src\cpp\resources\ResourceListen.cpp">
      <Filter>Source Files\resources</Filter>
    </ClCompile>
    <ClCompile Include="..\..\..\..\src\cpp\resources\ResourceSend.cpp">
      <Filter>Source Files\resources</Filter>
    </ClCompile>
    <ClCompile Include="..\..\..\..\src\cpp\reader\RTPSReader.cpp">
      <Filter>Source Files\reader</Filter>
    </ClCompile>
    <ClCompile Include="..\..\..\..\src\cpp\reader\StatefulReader.cpp">
      <Filter>Source Files\reader</Filter>
    </ClCompile>
    <ClCompile Include="..\..\..\..\src\cpp\reader\StatelessReader.cpp">
      <Filter>Source Files\reader</Filter>
    </ClCompile>
    <ClCompile Include="..\..\..\..\src\cpp\reader\WriterProxy.cpp">
      <Filter>Source Files\reader</Filter>
    </ClCompile>
    <ClCompile Include="..\..\..\..\src\cpp\qos\ParameterList.cpp">
      <Filter>Source Files\qos</Filter>
    </ClCompile>
    <ClCompile Include="..\..\..\..\src\cpp\qos\ParameterTypes.cpp">
      <Filter>Source Files\qos</Filter>
    </ClCompile>
    <ClCompile Include="..\..\..\..\src\cpp\qos\QosList.cpp">
      <Filter>Source Files\qos</Filter>
    </ClCompile>
  </ItemGroup>
</Project>