
Microsoft Visual Studio Solution File, Format Version 12.00
# Visual Studio 2013
VisualStudioVersion = 12.0.30723.0
MinimumVisualStudioVersion = 10.0.40219.1
Project("{8BC9CEB8-8B4A-11D0-8D11-00A0C91BC942}") = "fastrtps", "fastrtps\fastrtps.vcxproj", "{F8E1D57C-A794-4DC9-9E11-72581CF4FFE8}"
EndProject
Global
	GlobalSection(SolutionConfigurationPlatforms) = preSolution
		Debug|Win32 = Debug|Win32
		Debug|x64 = Debug|x64
		Debug2010|Win32 = Debug2010|Win32
		Debug2010|x64 = Debug2010|x64
		DebugDLL|Win32 = DebugDLL|Win32
		DebugDLL|x64 = DebugDLL|x64
		DebugDLL2010|Win32 = DebugDLL2010|Win32
		DebugDLL2010|x64 = DebugDLL2010|x64
		Release|Win32 = Release|Win32
		Release|x64 = Release|x64
		Release2010|Win32 = Release2010|Win32
		Release2010|x64 = Release2010|x64
		ReleaseDLL|Win32 = ReleaseDLL|Win32
		ReleaseDLL|x64 = ReleaseDLL|x64
		ReleaseDLL2010|Win32 = ReleaseDLL2010|Win32
		ReleaseDLL2010|x64 = ReleaseDLL2010|x64
	EndGlobalSection
	GlobalSection(ProjectConfigurationPlatforms) = postSolution
		{F8E1D57C-A794-4DC9-9E11-72581CF4FFE8}.Debug|Win32.ActiveCfg = Debug|Win32
		{F8E1D57C-A794-4DC9-9E11-72581CF4FFE8}.Debug|Win32.Build.0 = Debug|Win32
		{F8E1D57C-A794-4DC9-9E11-72581CF4FFE8}.Debug|x64.ActiveCfg = Debug|x64
		{F8E1D57C-A794-4DC9-9E11-72581CF4FFE8}.Debug|x64.Build.0 = Debug|x64
		{F8E1D57C-A794-4DC9-9E11-72581CF4FFE8}.Debug2010|Win32.ActiveCfg = Debug2010|Win32
		{F8E1D57C-A794-4DC9-9E11-72581CF4FFE8}.Debug2010|Win32.Build.0 = Debug2010|Win32
		{F8E1D57C-A794-4DC9-9E11-72581CF4FFE8}.Debug2010|x64.ActiveCfg = Debug2010|x64
		{F8E1D57C-A794-4DC9-9E11-72581CF4FFE8}.Debug2010|x64.Build.0 = Debug2010|x64
		{F8E1D57C-A794-4DC9-9E11-72581CF4FFE8}.DebugDLL|Win32.ActiveCfg = DebugDLL|Win32
		{F8E1D57C-A794-4DC9-9E11-72581CF4FFE8}.DebugDLL|Win32.Build.0 = DebugDLL|Win32
		{F8E1D57C-A794-4DC9-9E11-72581CF4FFE8}.DebugDLL|x64.ActiveCfg = DebugDLL|x64
		{F8E1D57C-A794-4DC9-9E11-72581CF4FFE8}.DebugDLL|x64.Build.0 = DebugDLL|x64
		{F8E1D57C-A794-4DC9-9E11-72581CF4FFE8}.DebugDLL2010|Win32.ActiveCfg = DebugDLL2010|Win32
		{F8E1D57C-A794-4DC9-9E11-72581CF4FFE8}.DebugDLL2010|Win32.Build.0 = DebugDLL2010|Win32
		{F8E1D57C-A794-4DC9-9E11-72581CF4FFE8}.DebugDLL2010|x64.ActiveCfg = DebugDLL2010|x64
		{F8E1D57C-A794-4DC9-9E11-72581CF4FFE8}.DebugDLL2010|x64.Build.0 = DebugDLL2010|x64
		{F8E1D57C-A794-4DC9-9E11-72581CF4FFE8}.Release|Win32.ActiveCfg = Release|Win32
		{F8E1D57C-A794-4DC9-9E11-72581CF4FFE8}.Release|Win32.Build.0 = Release|Win32
		{F8E1D57C-A794-4DC9-9E11-72581CF4FFE8}.Release|x64.ActiveCfg = Release|x64
		{F8E1D57C-A794-4DC9-9E11-72581CF4FFE8}.Release|x64.Build.0 = Release|x64
		{F8E1D57C-A794-4DC9-9E11-72581CF4FFE8}.Release2010|Win32.ActiveCfg = Release2010|Win32
		{F8E1D57C-A794-4DC9-9E11-72581CF4FFE8}.Release2010|Win32.Build.0 = Release2010|Win32
		{F8E1D57C-A794-4DC9-9E11-72581CF4FFE8}.Release2010|x64.ActiveCfg = Release2010|x64
		{F8E1D57C-A794-4DC9-9E11-72581CF4FFE8}.Release2010|x64.Build.0 = Release2010|x64
		{F8E1D57C-A794-4DC9-9E11-72581CF4FFE8}.ReleaseDLL|Win32.ActiveCfg = ReleaseDLL|Win32
		{F8E1D57C-A794-4DC9-9E11-72581CF4FFE8}.ReleaseDLL|Win32.Build.0 = ReleaseDLL|Win32
		{F8E1D57C-A794-4DC9-9E11-72581CF4FFE8}.ReleaseDLL|x64.ActiveCfg = ReleaseDLL|x64
		{F8E1D57C-A794-4DC9-9E11-72581CF4FFE8}.ReleaseDLL|x64.Build.0 = ReleaseDLL|x64
		{F8E1D57C-A794-4DC9-9E11-72581CF4FFE8}.ReleaseDLL2010|Win32.ActiveCfg = ReleaseDLL2010|Win32
		{F8E1D57C-A794-4DC9-9E11-72581CF4FFE8}.ReleaseDLL2010|Win32.Build.0 = ReleaseDLL2010|Win32
		{F8E1D57C-A794-4DC9-9E11-72581CF4FFE8}.ReleaseDLL2010|x64.ActiveCfg = ReleaseDLL2010|x64
		{F8E1D57C-A794-4DC9-9E11-72581CF4FFE8}.ReleaseDLL2010|x64.Build.0 = ReleaseDLL2010|x64
	EndGlobalSection
	GlobalSection(SolutionProperties) = preSolution
		HideSolutionNode = FALSE
	EndGlobalSection
EndGlobal
