
Microsoft Visual Studio Solution File, Format Version 11.00
# Visual Studio 2010
Project("{8BC9CEB8-8B4A-11D0-8D11-00A0C91BC942}") = "DomainTest", "DomainTest.vcxproj", "{837BD284-1355-4F53-B95D-9F255B335B27}"
EndProject
Global
	GlobalSection(SolutionConfigurationPlatforms) = preSolution
		debug_reader|Win32 = debug_reader|Win32
		Debug|Win32 = Debug|Win32
		Release|Win32 = Release|Win32
	EndGlobalSection
	GlobalSection(ProjectConfigurationPlatforms) = postSolution
		{837BD284-1355-4F53-B95D-9F255B335B27}.debug_reader|Win32.ActiveCfg = debug_reader|Win32
		{837BD284-1355-4F53-B95D-9F255B335B27}.Debug|Win32.ActiveCfg = Debug|Win32
		{837BD284-1355-4F53-B95D-9F255B335B27}.Debug|Win32.Build.0 = Debug|Win32
		{837BD284-1355-4F53-B95D-9F255B335B27}.Release|Win32.ActiveCfg = Release|Win32
		{837BD284-1355-4F53-B95D-9F255B335B27}.Release|Win32.Build.0 = Release|Win32
	EndGlobalSection
	GlobalSection(SolutionProperties) = preSolution
		HideSolutionNode = FALSE
	EndGlobalSection
EndGlobal
